<?xml version="1.0" encoding="utf-8"?>
<Project ToolsVersion="4.0" xmlns="http://schemas.microsoft.com/developer/msbuild/2003">
  <ItemGroup>
    <Filter Include="Source Files">
      <UniqueIdentifier>{4FC737F1-C7A5-4376-A066-2A32D752A2FF}</UniqueIdentifier>
      <Extensions>cpp;c;cc;cxx;def;odl;idl;hpj;bat;asm;asmx</Extensions>
    </Filter>
    <Filter Include="Header Files">
      <UniqueIdentifier>{93995380-89BD-4b04-88EB-625FBE52EBFB}</UniqueIdentifier>
      <Extensions>h;hh;hpp;hxx;hm;inl;inc;xsd</Extensions>
    </Filter>
    <Filter Include="Resource Files">
      <UniqueIdentifier>{67DA6AB6-F800-4c08-8B7A-83BB121AAD01}</UniqueIdentifier>
      <Extensions>rc;ico;cur;bmp;dlg;rc2;rct;bin;rgs;gif;jpg;jpeg;jpe;resx;tiff;tif;png;wav;mfcribbon-ms</Extensions>
    </Filter>
  </ItemGroup>
  <ItemGroup>
    <ClCompile Include="src\Scene.cpp">
      <Filter>Source Files</Filter>
    </ClCompile>
    <ClCompile Include="src\SceneDispatcher.cpp">
      <Filter>Source Files</Filter>
    </ClCompile>
    <ClCompile Include="src\SceneEndpoint.cpp">
      <Filter>Source Files</Filter>
    </ClCompile>
    <ClCompile Include="src\SceneInfosDto.cpp">
      <Filter>Source Files</Filter>
    </ClCompile>
    <ClCompile Include="src\SceneInfosRequestDto.cpp">
      <Filter>Source Files</Filter>
    </ClCompile>
    <ClCompile Include="src\ScenePeer.cpp">
      <Filter>Source Files</Filter>
    </ClCompile>
    <ClCompile Include="src\Subscription.cpp">
      <Filter>Source Files</Filter>
    </ClCompile>
    <ClCompile Include="src\TokenHandler.cpp">
      <Filter>Source Files</Filter>
    </ClCompile>
    <ClCompile Include="src\ApiClient.cpp">
      <Filter>Source Files</Filter>
    </ClCompile>
    <ClCompile Include="src\Client.cpp">
      <Filter>Source Files</Filter>
    </ClCompile>
    <ClCompile Include="src\Configuration.cpp">
      <Filter>Source Files</Filter>
    </ClCompile>
    <ClCompile Include="src\ConnectionData.cpp">
      <Filter>Source Files</Filter>
    </ClCompile>
    <ClCompile Include="src\ConnectionResult.cpp">
      <Filter>Source Files</Filter>
    </ClCompile>
    <ClCompile Include="src\ConnectToSceneMsg.cpp">
      <Filter>Source Files</Filter>
    </ClCompile>
    <ClCompile Include="src\DefaultPacketDispatcher.cpp">
      <Filter>Source Files</Filter>
    </ClCompile>
    <ClCompile Include="src\DefaultScheduler.cpp">
      <Filter>Source Files</Filter>
    </ClCompile>
    <ClCompile Include="src\DisconnectFromSceneDto.cpp">
      <Filter>Source Files</Filter>
    </ClCompile>
    <ClCompile Include="src\dllmain.cpp">
      <Filter>Source Files</Filter>
    </ClCompile>
    <ClCompile Include="src\EmptyDto.cpp">
      <Filter>Source Files</Filter>
    </ClCompile>
    <ClCompile Include="src\FileLogger.cpp">
      <Filter>Source Files</Filter>
    </ClCompile>
    <ClCompile Include="src\Helpers.cpp">
      <Filter>Source Files</Filter>
    </ClCompile>
    <ClCompile Include="src\ILogger.cpp">
      <Filter>Source Files</Filter>
    </ClCompile>
    <ClCompile Include="src\NullLogger.cpp">
      <Filter>Source Files</Filter>
    </ClCompile>
    <ClCompile Include="src\PacketProcessorConfig.cpp">
      <Filter>Source Files</Filter>
    </ClCompile>
    <ClCompile Include="src\RakNetConnection.cpp">
      <Filter>Source Files</Filter>
    </ClCompile>
    <ClCompile Include="src\RakNetTransport.cpp">
      <Filter>Source Files</Filter>
    </ClCompile>
    <ClCompile Include="src\RequestContext.cpp">
      <Filter>Source Files</Filter>
    </ClCompile>
    <ClCompile Include="src\RequestModuleBuilder.cpp">
      <Filter>Source Files</Filter>
    </ClCompile>
    <ClCompile Include="src\RequestProcessor.cpp">
      <Filter>Source Files</Filter>
    </ClCompile>
    <ClCompile Include="src\Route.cpp">
      <Filter>Source Files</Filter>
    </ClCompile>
    <ClCompile Include="src\RouteDto.cpp">
      <Filter>Source Files</Filter>
    </ClCompile>
    <ClCompile Include="src\SystemRequest.cpp">
      <Filter>Source Files</Filter>
    </ClCompile>
    <ClCompile Include="src\Watch.cpp">
      <Filter>Source Files</Filter>
    </ClCompile>
    <ClCompile Include="src\DependencyResolver.cpp">
      <Filter>Source Files</Filter>
    </ClCompile>
    <ClCompile Include="src\RpcRequest.cpp">
      <Filter>Source Files</Filter>
    </ClCompile>
    <ClCompile Include="src\RpcService.cpp">
      <Filter>Source Files</Filter>
    </ClCompile>
    <ClCompile Include="src\RpcPlugin.cpp">
      <Filter>Source Files</Filter>
    </ClCompile>
    <ClCompile Include="src\IPlugin.cpp">
      <Filter>Source Files</Filter>
    </ClCompile>
  </ItemGroup>
  <ItemGroup>
    <ClInclude Include="include\Action.h">
      <Filter>Header Files</Filter>
    </ClInclude>
    <ClInclude Include="include\ApiClient.h">
      <Filter>Header Files</Filter>
    </ClInclude>
    <ClInclude Include="include\basic_bytebuf.h">
      <Filter>Header Files</Filter>
    </ClInclude>
    <ClInclude Include="include\basic_bytestream.h">
      <Filter>Header Files</Filter>
    </ClInclude>
    <ClInclude Include="include\Client.h">
      <Filter>Header Files</Filter>
    </ClInclude>
    <ClInclude Include="include\Configuration.h">
      <Filter>Header Files</Filter>
    </ClInclude>
    <ClInclude Include="include\ConnectionData.h">
      <Filter>Header Files</Filter>
    </ClInclude>
    <ClInclude Include="include\ConnectionResult.h">
      <Filter>Header Files</Filter>
    </ClInclude>
    <ClInclude Include="include\ConnectionState.h">
      <Filter>Header Files</Filter>
    </ClInclude>
    <ClInclude Include="include\ConnectToSceneMsg.h">
      <Filter>Header Files</Filter>
    </ClInclude>
    <ClInclude Include="include\DefaultPacketDispatcher.h">
      <Filter>Header Files</Filter>
    </ClInclude>
    <ClInclude Include="include\DefaultScheduler.h">
      <Filter>Header Files</Filter>
    </ClInclude>
    <ClInclude Include="include\DependencyResolver.h">
      <Filter>Header Files</Filter>
    </ClInclude>
    <ClInclude Include="include\DisconnectFromSceneDto.h">
      <Filter>Header Files</Filter>
    </ClInclude>
    <ClInclude Include="include\EmptyDto.h">
      <Filter>Header Files</Filter>
    </ClInclude>
    <ClInclude Include="include\FileLogger.h">
      <Filter>Header Files</Filter>
    </ClInclude>
    <ClInclude Include="include\headers.h">
      <Filter>Header Files</Filter>
    </ClInclude>
    <ClInclude Include="include\Helpers.h">
      <Filter>Header Files</Filter>
    </ClInclude>
    <ClInclude Include="include\IConnection.h">
      <Filter>Header Files</Filter>
    </ClInclude>
    <ClInclude Include="include\IConnectionManager.h">
      <Filter>Header Files</Filter>
    </ClInclude>
    <ClInclude Include="include\ILogger.h">
      <Filter>Header Files</Filter>
    </ClInclude>
    <ClInclude Include="include\IObservable.h">
      <Filter>Header Files</Filter>
    </ClInclude>
    <ClInclude Include="include\IPacketDispatcher.h">
      <Filter>Header Files</Filter>
    </ClInclude>
    <ClInclude Include="include\IPacketProcessor.h">
      <Filter>Header Files</Filter>
    </ClInclude>
    <ClInclude Include="include\IPlugin.h">
      <Filter>Header Files</Filter>
    </ClInclude>
    <ClInclude Include="include\IRequestModule.h">
      <Filter>Header Files</Filter>
    </ClInclude>
    <ClInclude Include="include\IRpcService.h">
      <Filter>Header Files</Filter>
    </ClInclude>
    <ClInclude Include="include\IScenePeer.h">
      <Filter>Header Files</Filter>
    </ClInclude>
    <ClInclude Include="include\IScheduler.h">
      <Filter>Header Files</Filter>
    </ClInclude>
    <ClInclude Include="include\ISubscription.h">
      <Filter>Header Files</Filter>
    </ClInclude>
    <ClInclude Include="include\ITask.h">
      <Filter>Header Files</Filter>
    </ClInclude>
    <ClInclude Include="include\ITokenHandler.h">
      <Filter>Header Files</Filter>
    </ClInclude>
    <ClInclude Include="include\ITransport.h">
      <Filter>Header Files</Filter>
    </ClInclude>
    <ClInclude Include="include\MessageIDTypes.h">
      <Filter>Header Files</Filter>
    </ClInclude>
    <ClInclude Include="include\NullLogger.h">
      <Filter>Header Files</Filter>
    </ClInclude>
    <ClInclude Include="include\Observable.h">
      <Filter>Header Files</Filter>
    </ClInclude>
    <ClInclude Include="include\Packet.h">
      <Filter>Header Files</Filter>
    </ClInclude>
    <ClInclude Include="include\PacketProcessorConfig.h">
      <Filter>Header Files</Filter>
    </ClInclude>
    <ClInclude Include="include\RakNetConnection.h">
      <Filter>Header Files</Filter>
    </ClInclude>
    <ClInclude Include="include\RakNetTransport.h">
      <Filter>Header Files</Filter>
    </ClInclude>
    <ClInclude Include="include\RequestContext.h">
      <Filter>Header Files</Filter>
    </ClInclude>
    <ClInclude Include="include\RequestModuleBuilder.h">
      <Filter>Header Files</Filter>
    </ClInclude>
    <ClInclude Include="include\RequestProcessor.h">
      <Filter>Header Files</Filter>
    </ClInclude>
    <ClInclude Include="include\Route.h">
      <Filter>Header Files</Filter>
    </ClInclude>
    <ClInclude Include="include\RouteDto.h">
      <Filter>Header Files</Filter>
    </ClInclude>
    <ClInclude Include="include\RpcPlugin.h">
      <Filter>Header Files</Filter>
    </ClInclude>
    <ClInclude Include="include\RpcRequest.h">
      <Filter>Header Files</Filter>
    </ClInclude>
    <ClInclude Include="include\RpcRequestContext.h">
      <Filter>Header Files</Filter>
    </ClInclude>
    <ClInclude Include="include\RpcService.h">
      <Filter>Header Files</Filter>
    </ClInclude>
    <ClInclude Include="include\Scene.h">
      <Filter>Header Files</Filter>
    </ClInclude>
    <ClInclude Include="include\SceneDispatcher.h">
      <Filter>Header Files</Filter>
    </ClInclude>
    <ClInclude Include="include\SceneEndpoint.h">
      <Filter>Header Files</Filter>
    </ClInclude>
    <ClInclude Include="include\SceneInfosDto.h">
      <Filter>Header Files</Filter>
    </ClInclude>
    <ClInclude Include="include\SceneInfosRequestDto.h">
      <Filter>Header Files</Filter>
    </ClInclude>
    <ClInclude Include="include\ScenePeer.h">
      <Filter>Header Files</Filter>
    </ClInclude>
    <ClInclude Include="include\stormancer.h">
      <Filter>Header Files</Filter>
    </ClInclude>
    <ClInclude Include="include\Subscription.h">
      <Filter>Header Files</Filter>
    </ClInclude>
    <ClInclude Include="include\SystemRequest.h">
      <Filter>Header Files</Filter>
    </ClInclude>
    <ClInclude Include="include\SystemRequestIDTypes.h">
      <Filter>Header Files</Filter>
    </ClInclude>
    <ClInclude Include="include\Task.h">
      <Filter>Header Files</Filter>
    </ClInclude>
    <ClInclude Include="include\TokenHandler.h">
      <Filter>Header Files</Filter>
    </ClInclude>
    <ClInclude Include="include\typedef.h">
      <Filter>Header Files</Filter>
    </ClInclude>
    <ClInclude Include="include\Watch.h">
      <Filter>Header Files</Filter>
    </ClInclude>
  </ItemGroup>
</Project>