
Microsoft Visual Studio Solution File, Format Version 12.00
# Visual Studio 15
VisualStudioVersion = 15.0.28010.2003
MinimumVisualStudioVersion = 10.0.40219.1
Project("{8BC9CEB8-8B4A-11D0-8D11-00A0C91BC942}") = "stormancer-sdk-cpp-lib", "stormancer\stormancer-sdk-cpp-141\stormancer-sdk-cpp-141.vcxproj", "{D8CF547F-8B5B-4651-A48F-D6E56EE0B8C1}"
	ProjectSection(ProjectDependencies) = postProject
		{6227F51A-1498-4C4A-B213-F6FDED605125} = {6227F51A-1498-4C4A-B213-F6FDED605125}
		{1014C621-BC2D-4813-B8C1-6D83AD6F9249} = {1014C621-BC2D-4813-B8C1-6D83AD6F9249}
		{BC75CD23-CB75-4233-A305-B7328825A9A5} = {BC75CD23-CB75-4233-A305-B7328825A9A5}
		{B4BF51E9-E541-4E5F-8AAB-93BEC498E619} = {B4BF51E9-E541-4E5F-8AAB-93BEC498E619}
	EndProjectSection
EndProject
Project("{2150E333-8FDC-42A3-9474-1A3956D46DE8}") = "Samples", "Samples", "{D796A1C3-82DC-4845-8F6E-521F9B757D84}"
EndProject
Project("{8BC9CEB8-8B4A-11D0-8D11-00A0C91BC942}") = "Tester", "stormancer\Samples\Tester\Tester-141.vcxproj", "{DFB15956-69E5-4D05-89C2-E7390F884D50}"
	ProjectSection(ProjectDependencies) = postProject
		{D8CF547F-8B5B-4651-A48F-D6E56EE0B8C1} = {D8CF547F-8B5B-4651-A48F-D6E56EE0B8C1}
	EndProjectSection
EndProject
Project("{2150E333-8FDC-42A3-9474-1A3956D46DE8}") = "libs", "libs", "{DE483714-925D-43E1-A20C-2699E8F1D3B5}"
EndProject
Project("{8BC9CEB8-8B4A-11D0-8D11-00A0C91BC942}") = "RakNet", "dependencies\RakNet\RakNet\Lib\DLL\DLL_vc141.vcxproj", "{BC75CD23-CB75-4233-A305-B7328825A9A5}"
EndProject
Project("{8BC9CEB8-8B4A-11D0-8D11-00A0C91BC942}") = "cpprestsdk", "dependencies\cpprestsdk\Release\src\build\vs141\casablanca141.vcxproj", "{1014C621-BC2D-4813-B8C1-6D83AD6F9249}"
EndProject
Project("{8BC9CEB8-8B4A-11D0-8D11-00A0C91BC942}") = "common", "dependencies\cpprestsdk\Release\src\build\common.vcxitems", "{594DCB5F-07E3-4084-A2CE-268611FA629F}"
EndProject
Project("{8BC9CEB8-8B4A-11D0-8D11-00A0C91BC942}") = "other", "dependencies\cpprestsdk\Release\src\build\other.vcxitems", "{3D5908F7-7673-4229-BC46-2007A7AF9CAE}"
EndProject
Project("{8BC9CEB8-8B4A-11D0-8D11-00A0C91BC942}") = "win32", "dependencies\cpprestsdk\Release\src\build\win32.vcxitems", "{F40F4804-50F9-4257-8D74-B9CBB19AC4C3}"
EndProject
Project("{2150E333-8FDC-42A3-9474-1A3956D46DE8}") = "libupnp", "libupnp", "{D9F8F27A-441E-40C1-957C-8665976E7500}"
EndProject
Project("{8BC9CEB8-8B4A-11D0-8D11-00A0C91BC942}") = "raknet-sources", "dependencies\RakNet\RakNet\raknet-sources.vcxitems", "{45D41ACC-2C3C-43D2-BC10-02AA73FFC7C7}"
EndProject
Project("{8BC9CEB8-8B4A-11D0-8D11-00A0C91BC942}") = "stormancer-sources", "stormancer\stormancer-sources\stormancer-sources.vcxitems", "{F2476793-1238-43AB-9574-526F57986E4C}"
EndProject
Project("{8BC9CEB8-8B4A-11D0-8D11-00A0C91BC942}") = "RaknetAndroid", "dependencies\RakNet\RaknetAndroid\RaknetAndroid.vcxproj", "{43D8B92C-4987-445B-84C7-C5224A98FFD6}"
EndProject
Project("{8BC9CEB8-8B4A-11D0-8D11-00A0C91BC942}") = "RaknetDll", "dependencies\RakNet\RaknetDll\RaknetDll-vc141.vcxproj", "{73703B65-9D12-4836-8C66-3FB48D3A721E}"
EndProject
Project("{8BC9CEB8-8B4A-11D0-8D11-00A0C91BC942}") = "SmokeTest-vc141", "stormancer\SmokeTest\SmokeTest-vc141.vcxproj", "{DA8EAA28-D2DF-46E8-937E-E061E31EC539}"
EndProject
Project("{8BC9CEB8-8B4A-11D0-8D11-00A0C91BC942}") = "RakNetIpv6-vc141", "stormancer\Samples\RakNetIpv6\RakNetIpv6-vc141.vcxproj", "{CD827855-C824-4CBF-B736-B7FDA2ACD036}"
	ProjectSection(ProjectDependencies) = postProject
		{1014C621-BC2D-4813-B8C1-6D83AD6F9249} = {1014C621-BC2D-4813-B8C1-6D83AD6F9249}
		{BC75CD23-CB75-4233-A305-B7328825A9A5} = {BC75CD23-CB75-4233-A305-B7328825A9A5}
	EndProjectSection
EndProject
Project("{8BC9CEB8-8B4A-11D0-8D11-00A0C91BC942}") = "tester-sources", "stormancer\Samples\tester-sources\tester-sources.vcxitems", "{9781E681-CF17-48EA-BF81-6895F30E10FC}"
EndProject
Project("{8BC9CEB8-8B4A-11D0-8D11-00A0C91BC942}") = "libupnp", "dependencies\libupnp\build\vc141\libupnp.vcxproj", "{6227F51A-1498-4C4A-B213-F6FDED605125}"
EndProject
Project("{8BC9CEB8-8B4A-11D0-8D11-00A0C91BC942}") = "libupnp-sources", "dependencies\libupnp\build\libupnp-sources\libupnp-sources.vcxitems", "{5EEBA6DB-45F0-4437-9B6E-1ECCDF3D8753}"
EndProject
Project("{2150E333-8FDC-42A3-9474-1A3956D46DE8}") = "cpprestsdk", "cpprestsdk", "{943C2341-0D05-4371-B201-D97184C7AD46}"
EndProject
Project("{2150E333-8FDC-42A3-9474-1A3956D46DE8}") = "RakNet", "RakNet", "{1E204BE3-9DB3-48B9-97EC-841D5F2A43DF}"
EndProject
Project("{8BC9CEB8-8B4A-11D0-8D11-00A0C91BC942}") = "pthreads-sources", "dependencies\libupnp\pthreads\pthreads-sources\pthreads-sources.vcxitems", "{1696F6BA-63DD-406D-8226-09201676F202}"
EndProject
Project("{8BC9CEB8-8B4A-11D0-8D11-00A0C91BC942}") = "libupnp-sources-win32", "dependencies\libupnp\build\libupnp-sources-win32\libupnp-sources-win32.vcxitems", "{745DA240-BF13-47BD-8E03-422E6D83D6D6}"
EndProject
Project("{8BC9CEB8-8B4A-11D0-8D11-00A0C91BC942}") = "plugins-sources", "Plugins\plugins-sources.vcxitems", "{89CE20EA-ACE0-44DF-8254-E19797639C16}"
EndProject
Project("{9A19103F-16F7-4668-BE54-9A1E7A4F7556}") = "PluginSelector", "Plugins\PluginSelector\PluginSelector.csproj", "{B4BF51E9-E541-4E5F-8AAB-93BEC498E619}"
EndProject
Global
	GlobalSection(SharedMSBuildProjectFiles) = preSolution
		dependencies\cpprestsdk\Release\src\build\common.vcxitems*{1014c621-bc2d-4813-b8c1-6d83ad6f9249}*SharedItemsImports = 4
		dependencies\cpprestsdk\Release\src\build\win32.vcxitems*{1014c621-bc2d-4813-b8c1-6d83ad6f9249}*SharedItemsImports = 4
		dependencies\libupnp\pthreads\pthreads-sources\pthreads-sources.vcxitems*{1696f6ba-63dd-406d-8226-09201676f202}*SharedItemsImports = 9
		dependencies\cpprestsdk\Release\src\build\other.vcxitems*{3d5908f7-7673-4229-bc46-2007a7af9cae}*SharedItemsImports = 9
		dependencies\RakNet\RakNet\raknet-sources.vcxitems*{45d41acc-2c3c-43d2-bc10-02aa73ffc7c7}*SharedItemsImports = 9
		dependencies\cpprestsdk\Release\src\build\common.vcxitems*{594dcb5f-07e3-4084-a2ce-268611fa629f}*SharedItemsImports = 9
		dependencies\libupnp\build\libupnp-sources\libupnp-sources.vcxitems*{5eeba6db-45f0-4437-9b6e-1eccdf3d8753}*SharedItemsImports = 9
		dependencies\libupnp\build\libupnp-sources-win32\libupnp-sources-win32.vcxitems*{6227f51a-1498-4c4a-b213-f6fded605125}*SharedItemsImports = 4
		dependencies\libupnp\build\libupnp-sources\libupnp-sources.vcxitems*{6227f51a-1498-4c4a-b213-f6fded605125}*SharedItemsImports = 4
		dependencies\libupnp\pthreads\pthreads-sources\pthreads-sources.vcxitems*{6227f51a-1498-4c4a-b213-f6fded605125}*SharedItemsImports = 4
		dependencies\libupnp\build\libupnp-sources-win32\libupnp-sources-win32.vcxitems*{745da240-bf13-47bd-8e03-422e6d83d6d6}*SharedItemsImports = 9
		Plugins\plugins-sources.vcxitems*{89ce20ea-ace0-44df-8254-e19797639c16}*SharedItemsImports = 9
		stormancer\Samples\tester-sources\tester-sources.vcxitems*{9781e681-cf17-48ea-bf81-6895f30e10fc}*SharedItemsImports = 9
		dependencies\RakNet\RakNet\raknet-sources.vcxitems*{bc75cd23-cb75-4233-a305-b7328825a9a5}*SharedItemsImports = 4
		stormancer\stormancer-sources\stormancer-sources.vcxitems*{d8cf547f-8b5b-4651-a48f-d6e56ee0b8c1}*SharedItemsImports = 4
		Plugins\plugins-sources.vcxitems*{dfb15956-69e5-4d05-89c2-e7390f884d50}*SharedItemsImports = 4
		stormancer\Samples\tester-sources\tester-sources.vcxitems*{dfb15956-69e5-4d05-89c2-e7390f884d50}*SharedItemsImports = 4
		stormancer\stormancer-sources\stormancer-sources.vcxitems*{f2476793-1238-43ab-9574-526f57986e4c}*SharedItemsImports = 9
		dependencies\cpprestsdk\Release\src\build\win32.vcxitems*{f40f4804-50f9-4257-8d74-b9cbb19ac4c3}*SharedItemsImports = 9
	EndGlobalSection
	GlobalSection(SolutionConfigurationPlatforms) = preSolution
		Debug|Any CPU = Debug|Any CPU
		Debug|ARM = Debug|ARM
		Debug|ARM64 = Debug|ARM64
		Debug|x64 = Debug|x64
		Debug|x86 = Debug|x86
		DebugUE4|Any CPU = DebugUE4|Any CPU
		DebugUE4|ARM = DebugUE4|ARM
		DebugUE4|ARM64 = DebugUE4|ARM64
		DebugUE4|x64 = DebugUE4|x64
		DebugUE4|x86 = DebugUE4|x86
		DebugUE4-v140|Any CPU = DebugUE4-v140|Any CPU
		DebugUE4-v140|ARM = DebugUE4-v140|ARM
		DebugUE4-v140|ARM64 = DebugUE4-v140|ARM64
		DebugUE4-v140|x64 = DebugUE4-v140|x64
		DebugUE4-v140|x86 = DebugUE4-v140|x86
		Release|Any CPU = Release|Any CPU
		Release|ARM = Release|ARM
		Release|ARM64 = Release|ARM64
		Release|x64 = Release|x64
		Release|x86 = Release|x86
	EndGlobalSection
	GlobalSection(ProjectConfigurationPlatforms) = postSolution
		{D8CF547F-8B5B-4651-A48F-D6E56EE0B8C1}.Debug|Any CPU.ActiveCfg = Debug|Win32
		{D8CF547F-8B5B-4651-A48F-D6E56EE0B8C1}.Debug|ARM.ActiveCfg = Debug|Win32
		{D8CF547F-8B5B-4651-A48F-D6E56EE0B8C1}.Debug|ARM64.ActiveCfg = Debug|Win32
		{D8CF547F-8B5B-4651-A48F-D6E56EE0B8C1}.Debug|x64.ActiveCfg = Debug|x64
		{D8CF547F-8B5B-4651-A48F-D6E56EE0B8C1}.Debug|x64.Build.0 = Debug|x64
		{D8CF547F-8B5B-4651-A48F-D6E56EE0B8C1}.Debug|x86.ActiveCfg = Debug|Win32
		{D8CF547F-8B5B-4651-A48F-D6E56EE0B8C1}.Debug|x86.Build.0 = Debug|Win32
		{D8CF547F-8B5B-4651-A48F-D6E56EE0B8C1}.DebugUE4|Any CPU.ActiveCfg = DebugUE4|Win32
		{D8CF547F-8B5B-4651-A48F-D6E56EE0B8C1}.DebugUE4|ARM.ActiveCfg = DebugUE4|Win32
		{D8CF547F-8B5B-4651-A48F-D6E56EE0B8C1}.DebugUE4|ARM64.ActiveCfg = DebugUE4|Win32
		{D8CF547F-8B5B-4651-A48F-D6E56EE0B8C1}.DebugUE4|x64.ActiveCfg = DebugUE4|x64
		{D8CF547F-8B5B-4651-A48F-D6E56EE0B8C1}.DebugUE4|x64.Build.0 = DebugUE4|x64
		{D8CF547F-8B5B-4651-A48F-D6E56EE0B8C1}.DebugUE4|x86.ActiveCfg = DebugUE4|Win32
		{D8CF547F-8B5B-4651-A48F-D6E56EE0B8C1}.DebugUE4|x86.Build.0 = DebugUE4|Win32
		{D8CF547F-8B5B-4651-A48F-D6E56EE0B8C1}.DebugUE4-v140|Any CPU.ActiveCfg = DebugUE4-v140|Win32
		{D8CF547F-8B5B-4651-A48F-D6E56EE0B8C1}.DebugUE4-v140|ARM.ActiveCfg = DebugUE4-v140|Win32
		{D8CF547F-8B5B-4651-A48F-D6E56EE0B8C1}.DebugUE4-v140|ARM64.ActiveCfg = DebugUE4-v140|Win32
		{D8CF547F-8B5B-4651-A48F-D6E56EE0B8C1}.DebugUE4-v140|x64.ActiveCfg = DebugUE4-v140|x64
		{D8CF547F-8B5B-4651-A48F-D6E56EE0B8C1}.DebugUE4-v140|x64.Build.0 = DebugUE4-v140|x64
		{D8CF547F-8B5B-4651-A48F-D6E56EE0B8C1}.DebugUE4-v140|x86.ActiveCfg = DebugUE4-v140|Win32
		{D8CF547F-8B5B-4651-A48F-D6E56EE0B8C1}.DebugUE4-v140|x86.Build.0 = DebugUE4-v140|Win32
		{D8CF547F-8B5B-4651-A48F-D6E56EE0B8C1}.Release|Any CPU.ActiveCfg = Release|Win32
		{D8CF547F-8B5B-4651-A48F-D6E56EE0B8C1}.Release|ARM.ActiveCfg = Release|Win32
		{D8CF547F-8B5B-4651-A48F-D6E56EE0B8C1}.Release|ARM64.ActiveCfg = Release|Win32
		{D8CF547F-8B5B-4651-A48F-D6E56EE0B8C1}.Release|x64.ActiveCfg = Release|x64
		{D8CF547F-8B5B-4651-A48F-D6E56EE0B8C1}.Release|x64.Build.0 = Release|x64
		{D8CF547F-8B5B-4651-A48F-D6E56EE0B8C1}.Release|x86.ActiveCfg = Release|Win32
		{D8CF547F-8B5B-4651-A48F-D6E56EE0B8C1}.Release|x86.Build.0 = Release|Win32
		{DFB15956-69E5-4D05-89C2-E7390F884D50}.Debug|Any CPU.ActiveCfg = Debug|Win32
		{DFB15956-69E5-4D05-89C2-E7390F884D50}.Debug|ARM.ActiveCfg = Debug|Win32
		{DFB15956-69E5-4D05-89C2-E7390F884D50}.Debug|ARM64.ActiveCfg = Debug|Win32
		{DFB15956-69E5-4D05-89C2-E7390F884D50}.Debug|x64.ActiveCfg = Debug|x64
		{DFB15956-69E5-4D05-89C2-E7390F884D50}.Debug|x64.Build.0 = Debug|x64
		{DFB15956-69E5-4D05-89C2-E7390F884D50}.Debug|x86.ActiveCfg = Debug|Win32
		{DFB15956-69E5-4D05-89C2-E7390F884D50}.Debug|x86.Build.0 = Debug|Win32
		{DFB15956-69E5-4D05-89C2-E7390F884D50}.DebugUE4|Any CPU.ActiveCfg = DebugUE4|Win32
		{DFB15956-69E5-4D05-89C2-E7390F884D50}.DebugUE4|ARM.ActiveCfg = DebugUE4|Win32
		{DFB15956-69E5-4D05-89C2-E7390F884D50}.DebugUE4|ARM64.ActiveCfg = DebugUE4|Win32
		{DFB15956-69E5-4D05-89C2-E7390F884D50}.DebugUE4|x64.ActiveCfg = DebugUE4|x64
		{DFB15956-69E5-4D05-89C2-E7390F884D50}.DebugUE4|x64.Build.0 = DebugUE4|x64
		{DFB15956-69E5-4D05-89C2-E7390F884D50}.DebugUE4|x86.ActiveCfg = DebugUE4|Win32
		{DFB15956-69E5-4D05-89C2-E7390F884D50}.DebugUE4|x86.Build.0 = DebugUE4|Win32
		{DFB15956-69E5-4D05-89C2-E7390F884D50}.DebugUE4-v140|Any CPU.ActiveCfg = DebugUE4-v140|Win32
		{DFB15956-69E5-4D05-89C2-E7390F884D50}.DebugUE4-v140|ARM.ActiveCfg = DebugUE4-v140|Win32
		{DFB15956-69E5-4D05-89C2-E7390F884D50}.DebugUE4-v140|ARM64.ActiveCfg = DebugUE4-v140|Win32
		{DFB15956-69E5-4D05-89C2-E7390F884D50}.DebugUE4-v140|x64.ActiveCfg = DebugUE4-v140|x64
		{DFB15956-69E5-4D05-89C2-E7390F884D50}.DebugUE4-v140|x64.Build.0 = DebugUE4-v140|x64
		{DFB15956-69E5-4D05-89C2-E7390F884D50}.DebugUE4-v140|x86.ActiveCfg = DebugUE4-v140|Win32
		{DFB15956-69E5-4D05-89C2-E7390F884D50}.DebugUE4-v140|x86.Build.0 = DebugUE4-v140|Win32
		{DFB15956-69E5-4D05-89C2-E7390F884D50}.Release|Any CPU.ActiveCfg = Release|Win32
		{DFB15956-69E5-4D05-89C2-E7390F884D50}.Release|ARM.ActiveCfg = Release|Win32
		{DFB15956-69E5-4D05-89C2-E7390F884D50}.Release|ARM64.ActiveCfg = Release|Win32
		{DFB15956-69E5-4D05-89C2-E7390F884D50}.Release|x64.ActiveCfg = Release|x64
		{DFB15956-69E5-4D05-89C2-E7390F884D50}.Release|x64.Build.0 = Release|x64
		{DFB15956-69E5-4D05-89C2-E7390F884D50}.Release|x86.ActiveCfg = Release|Win32
		{DFB15956-69E5-4D05-89C2-E7390F884D50}.Release|x86.Build.0 = Release|Win32
		{BC75CD23-CB75-4233-A305-B7328825A9A5}.Debug|Any CPU.ActiveCfg = Debug|Win32
		{BC75CD23-CB75-4233-A305-B7328825A9A5}.Debug|ARM.ActiveCfg = Debug|Win32
		{BC75CD23-CB75-4233-A305-B7328825A9A5}.Debug|ARM64.ActiveCfg = Debug|Win32
		{BC75CD23-CB75-4233-A305-B7328825A9A5}.Debug|x64.ActiveCfg = Debug|x64
		{BC75CD23-CB75-4233-A305-B7328825A9A5}.Debug|x64.Build.0 = Debug|x64
		{BC75CD23-CB75-4233-A305-B7328825A9A5}.Debug|x86.ActiveCfg = Debug|Win32
		{BC75CD23-CB75-4233-A305-B7328825A9A5}.Debug|x86.Build.0 = Debug|Win32
		{BC75CD23-CB75-4233-A305-B7328825A9A5}.DebugUE4|Any CPU.ActiveCfg = DebugUE4|Win32
		{BC75CD23-CB75-4233-A305-B7328825A9A5}.DebugUE4|ARM.ActiveCfg = DebugUE4|Win32
		{BC75CD23-CB75-4233-A305-B7328825A9A5}.DebugUE4|ARM64.ActiveCfg = DebugUE4|Win32
		{BC75CD23-CB75-4233-A305-B7328825A9A5}.DebugUE4|x64.ActiveCfg = DebugUE4|x64
		{BC75CD23-CB75-4233-A305-B7328825A9A5}.DebugUE4|x64.Build.0 = DebugUE4|x64
		{BC75CD23-CB75-4233-A305-B7328825A9A5}.DebugUE4|x86.ActiveCfg = DebugUE4|Win32
		{BC75CD23-CB75-4233-A305-B7328825A9A5}.DebugUE4|x86.Build.0 = DebugUE4|Win32
		{BC75CD23-CB75-4233-A305-B7328825A9A5}.DebugUE4-v140|Any CPU.ActiveCfg = DebugUE4-v140|Win32
		{BC75CD23-CB75-4233-A305-B7328825A9A5}.DebugUE4-v140|ARM.ActiveCfg = DebugUE4-v140|Win32
		{BC75CD23-CB75-4233-A305-B7328825A9A5}.DebugUE4-v140|ARM64.ActiveCfg = DebugUE4-v140|Win32
		{BC75CD23-CB75-4233-A305-B7328825A9A5}.DebugUE4-v140|x64.ActiveCfg = DebugUE4-v140|x64
		{BC75CD23-CB75-4233-A305-B7328825A9A5}.DebugUE4-v140|x64.Build.0 = DebugUE4-v140|x64
		{BC75CD23-CB75-4233-A305-B7328825A9A5}.DebugUE4-v140|x86.ActiveCfg = DebugUE4-v140|Win32
		{BC75CD23-CB75-4233-A305-B7328825A9A5}.DebugUE4-v140|x86.Build.0 = DebugUE4-v140|Win32
		{BC75CD23-CB75-4233-A305-B7328825A9A5}.Release|Any CPU.ActiveCfg = Release|Win32
		{BC75CD23-CB75-4233-A305-B7328825A9A5}.Release|ARM.ActiveCfg = Release|Win32
		{BC75CD23-CB75-4233-A305-B7328825A9A5}.Release|ARM64.ActiveCfg = Release|Win32
		{BC75CD23-CB75-4233-A305-B7328825A9A5}.Release|x64.ActiveCfg = Release|x64
		{BC75CD23-CB75-4233-A305-B7328825A9A5}.Release|x64.Build.0 = Release|x64
		{BC75CD23-CB75-4233-A305-B7328825A9A5}.Release|x86.ActiveCfg = Release|Win32
		{BC75CD23-CB75-4233-A305-B7328825A9A5}.Release|x86.Build.0 = Release|Win32
		{1014C621-BC2D-4813-B8C1-6D83AD6F9249}.Debug|Any CPU.ActiveCfg = Debug|Win32
		{1014C621-BC2D-4813-B8C1-6D83AD6F9249}.Debug|ARM.ActiveCfg = Debug|ARM
		{1014C621-BC2D-4813-B8C1-6D83AD6F9249}.Debug|ARM.Build.0 = Debug|ARM
		{1014C621-BC2D-4813-B8C1-6D83AD6F9249}.Debug|ARM64.ActiveCfg = Debug|Win32
		{1014C621-BC2D-4813-B8C1-6D83AD6F9249}.Debug|x64.ActiveCfg = Debug|x64
		{1014C621-BC2D-4813-B8C1-6D83AD6F9249}.Debug|x64.Build.0 = Debug|x64
		{1014C621-BC2D-4813-B8C1-6D83AD6F9249}.Debug|x86.ActiveCfg = Debug|Win32
		{1014C621-BC2D-4813-B8C1-6D83AD6F9249}.Debug|x86.Build.0 = Debug|Win32
		{1014C621-BC2D-4813-B8C1-6D83AD6F9249}.DebugUE4|Any CPU.ActiveCfg = DebugUE4|Win32
		{1014C621-BC2D-4813-B8C1-6D83AD6F9249}.DebugUE4|ARM.ActiveCfg = DebugUE4|ARM
		{1014C621-BC2D-4813-B8C1-6D83AD6F9249}.DebugUE4|ARM.Build.0 = DebugUE4|ARM
		{1014C621-BC2D-4813-B8C1-6D83AD6F9249}.DebugUE4|ARM64.ActiveCfg = DebugUE4|Win32
		{1014C621-BC2D-4813-B8C1-6D83AD6F9249}.DebugUE4|x64.ActiveCfg = DebugUE4|x64
		{1014C621-BC2D-4813-B8C1-6D83AD6F9249}.DebugUE4|x64.Build.0 = DebugUE4|x64
		{1014C621-BC2D-4813-B8C1-6D83AD6F9249}.DebugUE4|x86.ActiveCfg = DebugUE4|Win32
		{1014C621-BC2D-4813-B8C1-6D83AD6F9249}.DebugUE4|x86.Build.0 = DebugUE4|Win32
		{1014C621-BC2D-4813-B8C1-6D83AD6F9249}.DebugUE4-v140|Any CPU.ActiveCfg = DebugUE4-v140|Win32
		{1014C621-BC2D-4813-B8C1-6D83AD6F9249}.DebugUE4-v140|ARM.ActiveCfg = DebugUE4-v140|ARM
		{1014C621-BC2D-4813-B8C1-6D83AD6F9249}.DebugUE4-v140|ARM.Build.0 = DebugUE4-v140|ARM
		{1014C621-BC2D-4813-B8C1-6D83AD6F9249}.DebugUE4-v140|ARM64.ActiveCfg = DebugUE4-v140|Win32
		{1014C621-BC2D-4813-B8C1-6D83AD6F9249}.DebugUE4-v140|x64.ActiveCfg = DebugUE4-v140|x64
		{1014C621-BC2D-4813-B8C1-6D83AD6F9249}.DebugUE4-v140|x64.Build.0 = DebugUE4-v140|x64
		{1014C621-BC2D-4813-B8C1-6D83AD6F9249}.DebugUE4-v140|x86.ActiveCfg = DebugUE4-v140|Win32
		{1014C621-BC2D-4813-B8C1-6D83AD6F9249}.DebugUE4-v140|x86.Build.0 = DebugUE4-v140|Win32
		{1014C621-BC2D-4813-B8C1-6D83AD6F9249}.Release|Any CPU.ActiveCfg = Release|Win32
		{1014C621-BC2D-4813-B8C1-6D83AD6F9249}.Release|ARM.ActiveCfg = Release|ARM
		{1014C621-BC2D-4813-B8C1-6D83AD6F9249}.Release|ARM.Build.0 = Release|ARM
		{1014C621-BC2D-4813-B8C1-6D83AD6F9249}.Release|ARM64.ActiveCfg = Release|Win32
		{1014C621-BC2D-4813-B8C1-6D83AD6F9249}.Release|x64.ActiveCfg = Release|x64
		{1014C621-BC2D-4813-B8C1-6D83AD6F9249}.Release|x64.Build.0 = Release|x64
		{1014C621-BC2D-4813-B8C1-6D83AD6F9249}.Release|x86.ActiveCfg = Release|Win32
		{1014C621-BC2D-4813-B8C1-6D83AD6F9249}.Release|x86.Build.0 = Release|Win32
		{43D8B92C-4987-445B-84C7-C5224A98FFD6}.Debug|Any CPU.ActiveCfg = Debug|ARM
		{43D8B92C-4987-445B-84C7-C5224A98FFD6}.Debug|ARM.ActiveCfg = Debug|ARM
		{43D8B92C-4987-445B-84C7-C5224A98FFD6}.Debug|ARM.Build.0 = Debug|ARM
		{43D8B92C-4987-445B-84C7-C5224A98FFD6}.Debug|ARM64.ActiveCfg = Debug|ARM64
		{43D8B92C-4987-445B-84C7-C5224A98FFD6}.Debug|ARM64.Build.0 = Debug|ARM64
		{43D8B92C-4987-445B-84C7-C5224A98FFD6}.Debug|x64.ActiveCfg = Debug|ARM
		{43D8B92C-4987-445B-84C7-C5224A98FFD6}.Debug|x86.ActiveCfg = Debug|ARM
		{43D8B92C-4987-445B-84C7-C5224A98FFD6}.DebugUE4|Any CPU.ActiveCfg = Release|ARM
		{43D8B92C-4987-445B-84C7-C5224A98FFD6}.DebugUE4|Any CPU.Build.0 = Release|ARM
		{43D8B92C-4987-445B-84C7-C5224A98FFD6}.DebugUE4|ARM.ActiveCfg = Debug|ARM
		{43D8B92C-4987-445B-84C7-C5224A98FFD6}.DebugUE4|ARM.Build.0 = Debug|ARM
		{43D8B92C-4987-445B-84C7-C5224A98FFD6}.DebugUE4|ARM64.ActiveCfg = Debug|ARM64
		{43D8B92C-4987-445B-84C7-C5224A98FFD6}.DebugUE4|ARM64.Build.0 = Debug|ARM64
		{43D8B92C-4987-445B-84C7-C5224A98FFD6}.DebugUE4|x64.ActiveCfg = Release|ARM64
		{43D8B92C-4987-445B-84C7-C5224A98FFD6}.DebugUE4|x64.Build.0 = Release|ARM64
		{43D8B92C-4987-445B-84C7-C5224A98FFD6}.DebugUE4|x86.ActiveCfg = Release|ARM64
		{43D8B92C-4987-445B-84C7-C5224A98FFD6}.DebugUE4|x86.Build.0 = Release|ARM64
		{43D8B92C-4987-445B-84C7-C5224A98FFD6}.DebugUE4-v140|Any CPU.ActiveCfg = Release|ARM
		{43D8B92C-4987-445B-84C7-C5224A98FFD6}.DebugUE4-v140|Any CPU.Build.0 = Release|ARM
		{43D8B92C-4987-445B-84C7-C5224A98FFD6}.DebugUE4-v140|ARM.ActiveCfg = Debug|ARM
		{43D8B92C-4987-445B-84C7-C5224A98FFD6}.DebugUE4-v140|ARM64.ActiveCfg = Debug|ARM64
		{43D8B92C-4987-445B-84C7-C5224A98FFD6}.DebugUE4-v140|x64.ActiveCfg = Release|ARM
		{43D8B92C-4987-445B-84C7-C5224A98FFD6}.DebugUE4-v140|x86.ActiveCfg = Release|ARM
		{43D8B92C-4987-445B-84C7-C5224A98FFD6}.Release|Any CPU.ActiveCfg = Release|ARM
		{43D8B92C-4987-445B-84C7-C5224A98FFD6}.Release|ARM.ActiveCfg = Release|ARM
		{43D8B92C-4987-445B-84C7-C5224A98FFD6}.Release|ARM.Build.0 = Release|ARM
		{43D8B92C-4987-445B-84C7-C5224A98FFD6}.Release|ARM64.ActiveCfg = Release|ARM64
		{43D8B92C-4987-445B-84C7-C5224A98FFD6}.Release|ARM64.Build.0 = Release|ARM64
		{43D8B92C-4987-445B-84C7-C5224A98FFD6}.Release|x64.ActiveCfg = Release|ARM
		{43D8B92C-4987-445B-84C7-C5224A98FFD6}.Release|x86.ActiveCfg = Release|ARM
		{73703B65-9D12-4836-8C66-3FB48D3A721E}.Debug|Any CPU.ActiveCfg = Debug|Win32
		{73703B65-9D12-4836-8C66-3FB48D3A721E}.Debug|ARM.ActiveCfg = Debug|Win32
		{73703B65-9D12-4836-8C66-3FB48D3A721E}.Debug|ARM64.ActiveCfg = Debug|Win32
		{73703B65-9D12-4836-8C66-3FB48D3A721E}.Debug|x64.ActiveCfg = Debug|x64
		{73703B65-9D12-4836-8C66-3FB48D3A721E}.Debug|x64.Build.0 = Debug|x64
		{73703B65-9D12-4836-8C66-3FB48D3A721E}.Debug|x86.ActiveCfg = Debug|Win32
		{73703B65-9D12-4836-8C66-3FB48D3A721E}.Debug|x86.Build.0 = Debug|Win32
		{73703B65-9D12-4836-8C66-3FB48D3A721E}.DebugUE4|Any CPU.ActiveCfg = Release|Win32
		{73703B65-9D12-4836-8C66-3FB48D3A721E}.DebugUE4|Any CPU.Build.0 = Release|Win32
		{73703B65-9D12-4836-8C66-3FB48D3A721E}.DebugUE4|ARM.ActiveCfg = Release|x64
		{73703B65-9D12-4836-8C66-3FB48D3A721E}.DebugUE4|ARM64.ActiveCfg = Release|x64
		{73703B65-9D12-4836-8C66-3FB48D3A721E}.DebugUE4|x64.ActiveCfg = Debug|x64
		{73703B65-9D12-4836-8C66-3FB48D3A721E}.DebugUE4|x86.ActiveCfg = Debug|Win32
		{73703B65-9D12-4836-8C66-3FB48D3A721E}.DebugUE4|x86.Build.0 = Debug|Win32
		{73703B65-9D12-4836-8C66-3FB48D3A721E}.DebugUE4-v140|Any CPU.ActiveCfg = DebugUE4-v140|Win32
		{73703B65-9D12-4836-8C66-3FB48D3A721E}.DebugUE4-v140|ARM.ActiveCfg = DebugUE4-v140|Win32
		{73703B65-9D12-4836-8C66-3FB48D3A721E}.DebugUE4-v140|ARM64.ActiveCfg = DebugUE4-v140|Win32
		{73703B65-9D12-4836-8C66-3FB48D3A721E}.DebugUE4-v140|x64.ActiveCfg = DebugUE4-v140|x64
		{73703B65-9D12-4836-8C66-3FB48D3A721E}.DebugUE4-v140|x64.Build.0 = DebugUE4-v140|x64
		{73703B65-9D12-4836-8C66-3FB48D3A721E}.DebugUE4-v140|x86.ActiveCfg = DebugUE4-v140|Win32
		{73703B65-9D12-4836-8C66-3FB48D3A721E}.DebugUE4-v140|x86.Build.0 = DebugUE4-v140|Win32
		{73703B65-9D12-4836-8C66-3FB48D3A721E}.Release|Any CPU.ActiveCfg = Release|Win32
		{73703B65-9D12-4836-8C66-3FB48D3A721E}.Release|ARM.ActiveCfg = Release|Win32
		{73703B65-9D12-4836-8C66-3FB48D3A721E}.Release|ARM64.ActiveCfg = Release|Win32
		{73703B65-9D12-4836-8C66-3FB48D3A721E}.Release|x64.ActiveCfg = Release|x64
		{73703B65-9D12-4836-8C66-3FB48D3A721E}.Release|x64.Build.0 = Release|x64
		{73703B65-9D12-4836-8C66-3FB48D3A721E}.Release|x86.ActiveCfg = Release|Win32
		{73703B65-9D12-4836-8C66-3FB48D3A721E}.Release|x86.Build.0 = Release|Win32
		{DA8EAA28-D2DF-46E8-937E-E061E31EC539}.Debug|Any CPU.ActiveCfg = Debug|Win32
		{DA8EAA28-D2DF-46E8-937E-E061E31EC539}.Debug|ARM.ActiveCfg = Debug|Win32
		{DA8EAA28-D2DF-46E8-937E-E061E31EC539}.Debug|ARM64.ActiveCfg = Debug|Win32
		{DA8EAA28-D2DF-46E8-937E-E061E31EC539}.Debug|x64.ActiveCfg = Debug|x64
		{DA8EAA28-D2DF-46E8-937E-E061E31EC539}.Debug|x64.Build.0 = Debug|x64
		{DA8EAA28-D2DF-46E8-937E-E061E31EC539}.Debug|x86.ActiveCfg = Debug|Win32
		{DA8EAA28-D2DF-46E8-937E-E061E31EC539}.Debug|x86.Build.0 = Debug|Win32
		{DA8EAA28-D2DF-46E8-937E-E061E31EC539}.DebugUE4|Any CPU.ActiveCfg = Release|Win32
		{DA8EAA28-D2DF-46E8-937E-E061E31EC539}.DebugUE4|Any CPU.Build.0 = Release|Win32
		{DA8EAA28-D2DF-46E8-937E-E061E31EC539}.DebugUE4|ARM.ActiveCfg = Release|x64
		{DA8EAA28-D2DF-46E8-937E-E061E31EC539}.DebugUE4|ARM.Build.0 = Release|x64
		{DA8EAA28-D2DF-46E8-937E-E061E31EC539}.DebugUE4|ARM64.ActiveCfg = Release|x64
		{DA8EAA28-D2DF-46E8-937E-E061E31EC539}.DebugUE4|ARM64.Build.0 = Release|x64
		{DA8EAA28-D2DF-46E8-937E-E061E31EC539}.DebugUE4|x64.ActiveCfg = Debug|x64
		{DA8EAA28-D2DF-46E8-937E-E061E31EC539}.DebugUE4|x86.ActiveCfg = Debug|Win32
		{DA8EAA28-D2DF-46E8-937E-E061E31EC539}.DebugUE4|x86.Build.0 = Debug|Win32
		{DA8EAA28-D2DF-46E8-937E-E061E31EC539}.DebugUE4-v140|Any CPU.ActiveCfg = DebugUE4-v140|Win32
		{DA8EAA28-D2DF-46E8-937E-E061E31EC539}.DebugUE4-v140|ARM.ActiveCfg = DebugUE4-v140|Win32
		{DA8EAA28-D2DF-46E8-937E-E061E31EC539}.DebugUE4-v140|ARM64.ActiveCfg = DebugUE4-v140|Win32
		{DA8EAA28-D2DF-46E8-937E-E061E31EC539}.DebugUE4-v140|x64.ActiveCfg = DebugUE4-v140|x64
		{DA8EAA28-D2DF-46E8-937E-E061E31EC539}.DebugUE4-v140|x64.Build.0 = DebugUE4-v140|x64
		{DA8EAA28-D2DF-46E8-937E-E061E31EC539}.DebugUE4-v140|x86.ActiveCfg = DebugUE4-v140|Win32
		{DA8EAA28-D2DF-46E8-937E-E061E31EC539}.DebugUE4-v140|x86.Build.0 = DebugUE4-v140|Win32
		{DA8EAA28-D2DF-46E8-937E-E061E31EC539}.Release|Any CPU.ActiveCfg = Release|Win32
		{DA8EAA28-D2DF-46E8-937E-E061E31EC539}.Release|ARM.ActiveCfg = Release|Win32
		{DA8EAA28-D2DF-46E8-937E-E061E31EC539}.Release|ARM64.ActiveCfg = Release|Win32
		{DA8EAA28-D2DF-46E8-937E-E061E31EC539}.Release|x64.ActiveCfg = Release|x64
		{DA8EAA28-D2DF-46E8-937E-E061E31EC539}.Release|x64.Build.0 = Release|x64
		{DA8EAA28-D2DF-46E8-937E-E061E31EC539}.Release|x86.ActiveCfg = Release|Win32
		{DA8EAA28-D2DF-46E8-937E-E061E31EC539}.Release|x86.Build.0 = Release|Win32
		{CD827855-C824-4CBF-B736-B7FDA2ACD036}.Debug|Any CPU.ActiveCfg = Debug|Win32
		{CD827855-C824-4CBF-B736-B7FDA2ACD036}.Debug|ARM.ActiveCfg = Debug|Win32
		{CD827855-C824-4CBF-B736-B7FDA2ACD036}.Debug|ARM64.ActiveCfg = Debug|Win32
		{CD827855-C824-4CBF-B736-B7FDA2ACD036}.Debug|x64.ActiveCfg = Debug|x64
		{CD827855-C824-4CBF-B736-B7FDA2ACD036}.Debug|x64.Build.0 = Debug|x64
		{CD827855-C824-4CBF-B736-B7FDA2ACD036}.Debug|x86.ActiveCfg = Debug|Win32
		{CD827855-C824-4CBF-B736-B7FDA2ACD036}.Debug|x86.Build.0 = Debug|Win32
		{CD827855-C824-4CBF-B736-B7FDA2ACD036}.DebugUE4|Any CPU.ActiveCfg = Release|Win32
		{CD827855-C824-4CBF-B736-B7FDA2ACD036}.DebugUE4|Any CPU.Build.0 = Release|Win32
		{CD827855-C824-4CBF-B736-B7FDA2ACD036}.DebugUE4|ARM.ActiveCfg = Release|x64
		{CD827855-C824-4CBF-B736-B7FDA2ACD036}.DebugUE4|ARM.Build.0 = Release|x64
		{CD827855-C824-4CBF-B736-B7FDA2ACD036}.DebugUE4|ARM64.ActiveCfg = Release|x64
		{CD827855-C824-4CBF-B736-B7FDA2ACD036}.DebugUE4|ARM64.Build.0 = Release|x64
		{CD827855-C824-4CBF-B736-B7FDA2ACD036}.DebugUE4|x64.ActiveCfg = Debug|x64
		{CD827855-C824-4CBF-B736-B7FDA2ACD036}.DebugUE4|x86.ActiveCfg = Debug|Win32
		{CD827855-C824-4CBF-B736-B7FDA2ACD036}.DebugUE4|x86.Build.0 = Debug|Win32
		{CD827855-C824-4CBF-B736-B7FDA2ACD036}.DebugUE4-v140|Any CPU.ActiveCfg = DebugUE4-v140|Win32
		{CD827855-C824-4CBF-B736-B7FDA2ACD036}.DebugUE4-v140|ARM.ActiveCfg = DebugUE4-v140|Win32
		{CD827855-C824-4CBF-B736-B7FDA2ACD036}.DebugUE4-v140|ARM64.ActiveCfg = DebugUE4-v140|Win32
		{CD827855-C824-4CBF-B736-B7FDA2ACD036}.DebugUE4-v140|x64.ActiveCfg = DebugUE4-v140|x64
		{CD827855-C824-4CBF-B736-B7FDA2ACD036}.DebugUE4-v140|x64.Build.0 = DebugUE4-v140|x64
		{CD827855-C824-4CBF-B736-B7FDA2ACD036}.DebugUE4-v140|x86.ActiveCfg = DebugUE4-v140|Win32
		{CD827855-C824-4CBF-B736-B7FDA2ACD036}.DebugUE4-v140|x86.Build.0 = DebugUE4-v140|Win32
		{CD827855-C824-4CBF-B736-B7FDA2ACD036}.Release|Any CPU.ActiveCfg = Release|Win32
		{CD827855-C824-4CBF-B736-B7FDA2ACD036}.Release|ARM.ActiveCfg = Release|Win32
		{CD827855-C824-4CBF-B736-B7FDA2ACD036}.Release|ARM64.ActiveCfg = Release|Win32
		{CD827855-C824-4CBF-B736-B7FDA2ACD036}.Release|x64.ActiveCfg = Release|x64
		{CD827855-C824-4CBF-B736-B7FDA2ACD036}.Release|x64.Build.0 = Release|x64
		{CD827855-C824-4CBF-B736-B7FDA2ACD036}.Release|x86.ActiveCfg = Release|Win32
		{6227F51A-1498-4C4A-B213-F6FDED605125}.Debug|Any CPU.ActiveCfg = Debug|Win32
		{6227F51A-1498-4C4A-B213-F6FDED605125}.Debug|ARM.ActiveCfg = Debug|Win32
		{6227F51A-1498-4C4A-B213-F6FDED605125}.Debug|ARM64.ActiveCfg = Debug|Win32
		{6227F51A-1498-4C4A-B213-F6FDED605125}.Debug|x64.ActiveCfg = Debug|x64
		{6227F51A-1498-4C4A-B213-F6FDED605125}.Debug|x64.Build.0 = Debug|x64
		{6227F51A-1498-4C4A-B213-F6FDED605125}.Debug|x64.Deploy.0 = Debug|x64
		{6227F51A-1498-4C4A-B213-F6FDED605125}.Debug|x86.ActiveCfg = Debug|Win32
		{6227F51A-1498-4C4A-B213-F6FDED605125}.Debug|x86.Build.0 = Debug|Win32
		{6227F51A-1498-4C4A-B213-F6FDED605125}.Debug|x86.Deploy.0 = Debug|Win32
		{6227F51A-1498-4C4A-B213-F6FDED605125}.DebugUE4|Any CPU.ActiveCfg = DebugUE4|Win32
		{6227F51A-1498-4C4A-B213-F6FDED605125}.DebugUE4|ARM.ActiveCfg = DebugUE4|Win32
		{6227F51A-1498-4C4A-B213-F6FDED605125}.DebugUE4|ARM64.ActiveCfg = DebugUE4|Win32
		{6227F51A-1498-4C4A-B213-F6FDED605125}.DebugUE4|x64.ActiveCfg = DebugUE4|x64
		{6227F51A-1498-4C4A-B213-F6FDED605125}.DebugUE4|x64.Build.0 = DebugUE4|x64
		{6227F51A-1498-4C4A-B213-F6FDED605125}.DebugUE4|x64.Deploy.0 = DebugUE4|x64
		{6227F51A-1498-4C4A-B213-F6FDED605125}.DebugUE4|x86.ActiveCfg = DebugUE4|Win32
		{6227F51A-1498-4C4A-B213-F6FDED605125}.DebugUE4|x86.Build.0 = DebugUE4|Win32
		{6227F51A-1498-4C4A-B213-F6FDED605125}.DebugUE4|x86.Deploy.0 = DebugUE4|Win32
		{6227F51A-1498-4C4A-B213-F6FDED605125}.DebugUE4-v140|Any CPU.ActiveCfg = DebugUE4-v140|Win32
		{6227F51A-1498-4C4A-B213-F6FDED605125}.DebugUE4-v140|ARM.ActiveCfg = DebugUE4-v140|Win32
		{6227F51A-1498-4C4A-B213-F6FDED605125}.DebugUE4-v140|ARM64.ActiveCfg = DebugUE4-v140|Win32
		{6227F51A-1498-4C4A-B213-F6FDED605125}.DebugUE4-v140|x64.ActiveCfg = DebugUE4-v140|x64
		{6227F51A-1498-4C4A-B213-F6FDED605125}.DebugUE4-v140|x64.Build.0 = DebugUE4-v140|x64
		{6227F51A-1498-4C4A-B213-F6FDED605125}.DebugUE4-v140|x86.ActiveCfg = DebugUE4-v140|Win32
		{6227F51A-1498-4C4A-B213-F6FDED605125}.DebugUE4-v140|x86.Build.0 = DebugUE4-v140|Win32
		{6227F51A-1498-4C4A-B213-F6FDED605125}.Release|Any CPU.ActiveCfg = Release|Win32
		{6227F51A-1498-4C4A-B213-F6FDED605125}.Release|ARM.ActiveCfg = Release|Win32
		{6227F51A-1498-4C4A-B213-F6FDED605125}.Release|ARM64.ActiveCfg = Release|Win32
		{6227F51A-1498-4C4A-B213-F6FDED605125}.Release|x64.ActiveCfg = Release|x64
		{6227F51A-1498-4C4A-B213-F6FDED605125}.Release|x64.Build.0 = Release|x64
		{6227F51A-1498-4C4A-B213-F6FDED605125}.Release|x64.Deploy.0 = Release|x64
		{6227F51A-1498-4C4A-B213-F6FDED605125}.Release|x86.ActiveCfg = Release|Win32
		{6227F51A-1498-4C4A-B213-F6FDED605125}.Release|x86.Build.0 = Release|Win32
		{6227F51A-1498-4C4A-B213-F6FDED605125}.Release|x86.Deploy.0 = Release|Win32
		{B4BF51E9-E541-4E5F-8AAB-93BEC498E619}.Debug|Any CPU.ActiveCfg = Debug|Any CPU
		{B4BF51E9-E541-4E5F-8AAB-93BEC498E619}.Debug|Any CPU.Build.0 = Debug|Any CPU
		{B4BF51E9-E541-4E5F-8AAB-93BEC498E619}.Debug|ARM.ActiveCfg = Debug|Any CPU
		{B4BF51E9-E541-4E5F-8AAB-93BEC498E619}.Debug|ARM.Build.0 = Debug|Any CPU
		{B4BF51E9-E541-4E5F-8AAB-93BEC498E619}.Debug|ARM64.ActiveCfg = Debug|Any CPU
		{B4BF51E9-E541-4E5F-8AAB-93BEC498E619}.Debug|ARM64.Build.0 = Debug|Any CPU
		{B4BF51E9-E541-4E5F-8AAB-93BEC498E619}.Debug|x64.ActiveCfg = Debug|Any CPU
		{B4BF51E9-E541-4E5F-8AAB-93BEC498E619}.Debug|x64.Build.0 = Debug|Any CPU
		{B4BF51E9-E541-4E5F-8AAB-93BEC498E619}.Debug|x86.ActiveCfg = Debug|Any CPU
		{B4BF51E9-E541-4E5F-8AAB-93BEC498E619}.Debug|x86.Build.0 = Debug|Any CPU
		{B4BF51E9-E541-4E5F-8AAB-93BEC498E619}.DebugUE4|Any CPU.ActiveCfg = Debug|Any CPU
		{B4BF51E9-E541-4E5F-8AAB-93BEC498E619}.DebugUE4|Any CPU.Build.0 = Debug|Any CPU
		{B4BF51E9-E541-4E5F-8AAB-93BEC498E619}.DebugUE4|ARM.ActiveCfg = Debug|Any CPU
		{B4BF51E9-E541-4E5F-8AAB-93BEC498E619}.DebugUE4|ARM.Build.0 = Debug|Any CPU
		{B4BF51E9-E541-4E5F-8AAB-93BEC498E619}.DebugUE4|ARM64.ActiveCfg = Debug|Any CPU
		{B4BF51E9-E541-4E5F-8AAB-93BEC498E619}.DebugUE4|ARM64.Build.0 = Debug|Any CPU
		{B4BF51E9-E541-4E5F-8AAB-93BEC498E619}.DebugUE4|x64.ActiveCfg = Debug|Any CPU
		{B4BF51E9-E541-4E5F-8AAB-93BEC498E619}.DebugUE4|x64.Build.0 = Debug|Any CPU
		{B4BF51E9-E541-4E5F-8AAB-93BEC498E619}.DebugUE4|x86.ActiveCfg = Debug|Any CPU
		{B4BF51E9-E541-4E5F-8AAB-93BEC498E619}.DebugUE4|x86.Build.0 = Debug|Any CPU
		{B4BF51E9-E541-4E5F-8AAB-93BEC498E619}.DebugUE4-v140|Any CPU.ActiveCfg = Debug|Any CPU
		{B4BF51E9-E541-4E5F-8AAB-93BEC498E619}.DebugUE4-v140|Any CPU.Build.0 = Debug|Any CPU
		{B4BF51E9-E541-4E5F-8AAB-93BEC498E619}.DebugUE4-v140|ARM.ActiveCfg = Debug|Any CPU
		{B4BF51E9-E541-4E5F-8AAB-93BEC498E619}.DebugUE4-v140|ARM.Build.0 = Debug|Any CPU
		{B4BF51E9-E541-4E5F-8AAB-93BEC498E619}.DebugUE4-v140|ARM64.ActiveCfg = Debug|Any CPU
		{B4BF51E9-E541-4E5F-8AAB-93BEC498E619}.DebugUE4-v140|ARM64.Build.0 = Debug|Any CPU
		{B4BF51E9-E541-4E5F-8AAB-93BEC498E619}.DebugUE4-v140|x64.ActiveCfg = Debug|Any CPU
		{B4BF51E9-E541-4E5F-8AAB-93BEC498E619}.DebugUE4-v140|x64.Build.0 = Debug|Any CPU
		{B4BF51E9-E541-4E5F-8AAB-93BEC498E619}.DebugUE4-v140|x86.ActiveCfg = Debug|Any CPU
		{B4BF51E9-E541-4E5F-8AAB-93BEC498E619}.DebugUE4-v140|x86.Build.0 = Debug|Any CPU
		{B4BF51E9-E541-4E5F-8AAB-93BEC498E619}.Release|Any CPU.ActiveCfg = Release|Any CPU
		{B4BF51E9-E541-4E5F-8AAB-93BEC498E619}.Release|Any CPU.Build.0 = Release|Any CPU
		{B4BF51E9-E541-4E5F-8AAB-93BEC498E619}.Release|ARM.ActiveCfg = Release|Any CPU
		{B4BF51E9-E541-4E5F-8AAB-93BEC498E619}.Release|ARM.Build.0 = Release|Any CPU
		{B4BF51E9-E541-4E5F-8AAB-93BEC498E619}.Release|ARM64.ActiveCfg = Release|Any CPU
		{B4BF51E9-E541-4E5F-8AAB-93BEC498E619}.Release|ARM64.Build.0 = Release|Any CPU
		{B4BF51E9-E541-4E5F-8AAB-93BEC498E619}.Release|x64.ActiveCfg = Release|Any CPU
		{B4BF51E9-E541-4E5F-8AAB-93BEC498E619}.Release|x64.Build.0 = Release|Any CPU
		{B4BF51E9-E541-4E5F-8AAB-93BEC498E619}.Release|x86.ActiveCfg = Release|Any CPU
		{B4BF51E9-E541-4E5F-8AAB-93BEC498E619}.Release|x86.Build.0 = Release|Any CPU
	EndGlobalSection
	GlobalSection(SolutionProperties) = preSolution
		HideSolutionNode = FALSE
	EndGlobalSection
	GlobalSection(NestedProjects) = preSolution
		{DFB15956-69E5-4D05-89C2-E7390F884D50} = {D796A1C3-82DC-4845-8F6E-521F9B757D84}
		{BC75CD23-CB75-4233-A305-B7328825A9A5} = {1E204BE3-9DB3-48B9-97EC-841D5F2A43DF}
		{1014C621-BC2D-4813-B8C1-6D83AD6F9249} = {943C2341-0D05-4371-B201-D97184C7AD46}
		{594DCB5F-07E3-4084-A2CE-268611FA629F} = {943C2341-0D05-4371-B201-D97184C7AD46}
		{3D5908F7-7673-4229-BC46-2007A7AF9CAE} = {943C2341-0D05-4371-B201-D97184C7AD46}
		{F40F4804-50F9-4257-8D74-B9CBB19AC4C3} = {943C2341-0D05-4371-B201-D97184C7AD46}
		{D9F8F27A-441E-40C1-957C-8665976E7500} = {DE483714-925D-43E1-A20C-2699E8F1D3B5}
		{45D41ACC-2C3C-43D2-BC10-02AA73FFC7C7} = {1E204BE3-9DB3-48B9-97EC-841D5F2A43DF}
		{DA8EAA28-D2DF-46E8-937E-E061E31EC539} = {D796A1C3-82DC-4845-8F6E-521F9B757D84}
		{CD827855-C824-4CBF-B736-B7FDA2ACD036} = {D796A1C3-82DC-4845-8F6E-521F9B757D84}
		{9781E681-CF17-48EA-BF81-6895F30E10FC} = {D796A1C3-82DC-4845-8F6E-521F9B757D84}
		{6227F51A-1498-4C4A-B213-F6FDED605125} = {D9F8F27A-441E-40C1-957C-8665976E7500}
		{5EEBA6DB-45F0-4437-9B6E-1ECCDF3D8753} = {D9F8F27A-441E-40C1-957C-8665976E7500}
		{943C2341-0D05-4371-B201-D97184C7AD46} = {DE483714-925D-43E1-A20C-2699E8F1D3B5}
		{1E204BE3-9DB3-48B9-97EC-841D5F2A43DF} = {DE483714-925D-43E1-A20C-2699E8F1D3B5}
		{1696F6BA-63DD-406D-8226-09201676F202} = {D9F8F27A-441E-40C1-957C-8665976E7500}
		{745DA240-BF13-47BD-8E03-422E6D83D6D6} = {D9F8F27A-441E-40C1-957C-8665976E7500}
	EndGlobalSection
	GlobalSection(ExtensibilityGlobals) = postSolution
		SolutionGuid = {2D7E8886-7F99-4ED2-A9A1-70A4F40CE705}
	EndGlobalSection
EndGlobal
