<?xml version="1.0" encoding="utf-8"?>
<Project ToolsVersion="4.0" xmlns="http://schemas.microsoft.com/developer/msbuild/2003">
  <ItemGroup>
    <Filter Include="Source Files">
      <UniqueIdentifier>{4FC737F1-C7A5-4376-A066-2A32D752A2FF}</UniqueIdentifier>
      <Extensions>cpp;c;cc;cxx;def;odl;idl;hpj;bat;asm;asmx</Extensions>
    </Filter>
    <Filter Include="Header Files">
      <UniqueIdentifier>{93995380-89BD-4b04-88EB-625FBE52EBFB}</UniqueIdentifier>
      <Extensions>h;hh;hpp;hxx;hm;inl;inc;xsd</Extensions>
    </Filter>
    <Filter Include="Resource Files">
      <UniqueIdentifier>{67DA6AB6-F800-4c08-8B7A-83BB121AAD01}</UniqueIdentifier>
      <Extensions>rc;ico;cur;bmp;dlg;rc2;rct;bin;rgs;gif;jpg;jpeg;jpe;resx;tiff;tif;png;wav;mfcribbon-ms</Extensions>
    </Filter>
  </ItemGroup>
  <ItemGroup>
    <ClCompile Include="stormancer\src\ApiClient.cpp">
      <Filter>Source Files</Filter>
    </ClCompile>
    <ClCompile Include="stormancer\src\Client.cpp">
      <Filter>Source Files</Filter>
    </ClCompile>
    <ClCompile Include="stormancer\src\Configuration.cpp">
      <Filter>Source Files</Filter>
    </ClCompile>
    <ClCompile Include="stormancer\src\ConnectionData.cpp">
      <Filter>Source Files</Filter>
    </ClCompile>
    <ClCompile Include="stormancer\src\ConnectionResult.cpp">
      <Filter>Source Files</Filter>
    </ClCompile>
    <ClCompile Include="stormancer\src\ConnectToSceneMsg.cpp">
      <Filter>Source Files</Filter>
    </ClCompile>
    <ClCompile Include="stormancer\src\DefaultPacketDispatcher.cpp">
      <Filter>Source Files</Filter>
    </ClCompile>
    <ClCompile Include="stormancer\src\DefaultScheduler.cpp">
      <Filter>Source Files</Filter>
    </ClCompile>
    <ClCompile Include="stormancer\src\DependencyResolver.cpp">
      <Filter>Source Files</Filter>
    </ClCompile>
    <ClCompile Include="stormancer\src\DisconnectFromSceneDto.cpp">
      <Filter>Source Files</Filter>
    </ClCompile>
    <ClCompile Include="stormancer\src\dllmain.cpp">
      <Filter>Source Files</Filter>
    </ClCompile>
    <ClCompile Include="stormancer\src\EmptyDto.cpp">
      <Filter>Source Files</Filter>
    </ClCompile>
    <ClCompile Include="stormancer\src\FileLogger.cpp">
      <Filter>Source Files</Filter>
    </ClCompile>
    <ClCompile Include="stormancer\src\Helpers.cpp">
      <Filter>Source Files</Filter>
    </ClCompile>
    <ClCompile Include="stormancer\src\ILogger.cpp">
      <Filter>Source Files</Filter>
    </ClCompile>
    <ClCompile Include="stormancer\src\IPlugin.cpp">
      <Filter>Source Files</Filter>
    </ClCompile>
    <ClCompile Include="stormancer\src\NullLogger.cpp">
      <Filter>Source Files</Filter>
    </ClCompile>
    <ClCompile Include="stormancer\src\PacketProcessorConfig.cpp">
      <Filter>Source Files</Filter>
    </ClCompile>
    <ClCompile Include="stormancer\src\RakNetConnection.cpp">
      <Filter>Source Files</Filter>
    </ClCompile>
    <ClCompile Include="stormancer\src\RakNetTransport.cpp">
      <Filter>Source Files</Filter>
    </ClCompile>
    <ClCompile Include="stormancer\src\RequestContext.cpp">
      <Filter>Source Files</Filter>
    </ClCompile>
    <ClCompile Include="stormancer\src\RequestModuleBuilder.cpp">
      <Filter>Source Files</Filter>
    </ClCompile>
    <ClCompile Include="stormancer\src\RequestProcessor.cpp">
      <Filter>Source Files</Filter>
    </ClCompile>
    <ClCompile Include="stormancer\src\Route.cpp">
      <Filter>Source Files</Filter>
    </ClCompile>
    <ClCompile Include="stormancer\src\RouteDto.cpp">
      <Filter>Source Files</Filter>
    </ClCompile>
    <ClCompile Include="stormancer\src\RpcPlugin.cpp">
      <Filter>Source Files</Filter>
    </ClCompile>
    <ClCompile Include="stormancer\src\RpcRequest.cpp">
      <Filter>Source Files</Filter>
    </ClCompile>
    <ClCompile Include="stormancer\src\RpcService.cpp">
      <Filter>Source Files</Filter>
    </ClCompile>
    <ClCompile Include="stormancer\src\Scene.cpp">
      <Filter>Source Files</Filter>
    </ClCompile>
    <ClCompile Include="stormancer\src\SceneDispatcher.cpp">
      <Filter>Source Files</Filter>
    </ClCompile>
    <ClCompile Include="stormancer\src\SceneEndpoint.cpp">
      <Filter>Source Files</Filter>
    </ClCompile>
    <ClCompile Include="stormancer\src\SceneInfosDto.cpp">
      <Filter>Source Files</Filter>
    </ClCompile>
    <ClCompile Include="stormancer\src\SceneInfosRequestDto.cpp">
      <Filter>Source Files</Filter>
    </ClCompile>
    <ClCompile Include="stormancer\src\ScenePeer.cpp">
      <Filter>Source Files</Filter>
    </ClCompile>
    <ClCompile Include="stormancer\src\Subscription.cpp">
      <Filter>Source Files</Filter>
    </ClCompile>
    <ClCompile Include="stormancer\src\SystemRequest.cpp">
      <Filter>Source Files</Filter>
    </ClCompile>
    <ClCompile Include="stormancer\src\TokenHandler.cpp">
      <Filter>Source Files</Filter>
    </ClCompile>
    <ClCompile Include="stormancer\src\Watch.cpp">
      <Filter>Source Files</Filter>
    </ClCompile>
    <ClCompile Include="stormancer\src\IActionDispatcher.cpp">
      <Filter>Source Files</Filter>
    </ClCompile>
  </ItemGroup>
  <ItemGroup>
    <ClInclude Include="stormancer\include\Action.h">
      <Filter>Header Files</Filter>
    </ClInclude>
    <ClInclude Include="stormancer\include\ApiClient.h">
      <Filter>Header Files</Filter>
    </ClInclude>
    <ClInclude Include="stormancer\include\basic_bytebuf.h">
      <Filter>Header Files</Filter>
    </ClInclude>
    <ClInclude Include="stormancer\include\basic_bytestream.h">
      <Filter>Header Files</Filter>
    </ClInclude>
    <ClInclude Include="stormancer\include\Client.h">
      <Filter>Header Files</Filter>
    </ClInclude>
    <ClInclude Include="stormancer\include\Configuration.h">
      <Filter>Header Files</Filter>
    </ClInclude>
    <ClInclude Include="stormancer\include\ConnectionData.h">
      <Filter>Header Files</Filter>
    </ClInclude>
    <ClInclude Include="stormancer\include\ConnectionResult.h">
      <Filter>Header Files</Filter>
    </ClInclude>
    <ClInclude Include="stormancer\include\ConnectionState.h">
      <Filter>Header Files</Filter>
    </ClInclude>
    <ClInclude Include="stormancer\include\ConnectToSceneMsg.h">
      <Filter>Header Files</Filter>
    </ClInclude>
    <ClInclude Include="stormancer\include\DefaultPacketDispatcher.h">
      <Filter>Header Files</Filter>
    </ClInclude>
    <ClInclude Include="stormancer\include\DefaultScheduler.h">
      <Filter>Header Files</Filter>
    </ClInclude>
    <ClInclude Include="stormancer\include\DependencyResolver.h">
      <Filter>Header Files</Filter>
    </ClInclude>
    <ClInclude Include="stormancer\include\DisconnectFromSceneDto.h">
      <Filter>Header Files</Filter>
    </ClInclude>
    <ClInclude Include="stormancer\include\EmptyDto.h">
      <Filter>Header Files</Filter>
    </ClInclude>
    <ClInclude Include="stormancer\include\FileLogger.h">
      <Filter>Header Files</Filter>
    </ClInclude>
    <ClInclude Include="stormancer\include\headers.h">
      <Filter>Header Files</Filter>
    </ClInclude>
    <ClInclude Include="stormancer\include\Helpers.h">
      <Filter>Header Files</Filter>
    </ClInclude>
    <ClInclude Include="stormancer\include\IConnection.h">
      <Filter>Header Files</Filter>
    </ClInclude>
    <ClInclude Include="stormancer\include\IConnectionManager.h">
      <Filter>Header Files</Filter>
    </ClInclude>
    <ClInclude Include="stormancer\include\ILogger.h">
      <Filter>Header Files</Filter>
    </ClInclude>
    <ClInclude Include="stormancer\include\IObservable.h">
      <Filter>Header Files</Filter>
    </ClInclude>
    <ClInclude Include="stormancer\include\IPacketDispatcher.h">
      <Filter>Header Files</Filter>
    </ClInclude>
    <ClInclude Include="stormancer\include\IPacketProcessor.h">
      <Filter>Header Files</Filter>
    </ClInclude>
    <ClInclude Include="stormancer\include\IPlugin.h">
      <Filter>Header Files</Filter>
    </ClInclude>
    <ClInclude Include="stormancer\include\IRequestModule.h">
      <Filter>Header Files</Filter>
    </ClInclude>
    <ClInclude Include="stormancer\include\IRpcService.h">
      <Filter>Header Files</Filter>
    </ClInclude>
    <ClInclude Include="stormancer\include\IScenePeer.h">
      <Filter>Header Files</Filter>
    </ClInclude>
    <ClInclude Include="stormancer\include\IScheduler.h">
      <Filter>Header Files</Filter>
    </ClInclude>
    <ClInclude Include="stormancer\include\ISubscription.h">
      <Filter>Header Files</Filter>
    </ClInclude>
    <ClInclude Include="stormancer\include\ITask.h">
      <Filter>Header Files</Filter>
    </ClInclude>
    <ClInclude Include="stormancer\include\ITokenHandler.h">
      <Filter>Header Files</Filter>
    </ClInclude>
    <ClInclude Include="stormancer\include\ITransport.h">
      <Filter>Header Files</Filter>
    </ClInclude>
    <ClInclude Include="stormancer\include\MessageIDTypes.h">
      <Filter>Header Files</Filter>
    </ClInclude>
    <ClInclude Include="stormancer\include\NullLogger.h">
      <Filter>Header Files</Filter>
    </ClInclude>
    <ClInclude Include="stormancer\include\Observable.h">
      <Filter>Header Files</Filter>
    </ClInclude>
    <ClInclude Include="stormancer\include\Packet.h">
      <Filter>Header Files</Filter>
    </ClInclude>
    <ClInclude Include="stormancer\include\PacketProcessorConfig.h">
      <Filter>Header Files</Filter>
    </ClInclude>
    <ClInclude Include="stormancer\include\RakNetConnection.h">
      <Filter>Header Files</Filter>
    </ClInclude>
    <ClInclude Include="stormancer\include\RakNetTransport.h">
      <Filter>Header Files</Filter>
    </ClInclude>
    <ClInclude Include="stormancer\include\RequestContext.h">
      <Filter>Header Files</Filter>
    </ClInclude>
    <ClInclude Include="stormancer\include\RequestModuleBuilder.h">
      <Filter>Header Files</Filter>
    </ClInclude>
    <ClInclude Include="stormancer\include\RequestProcessor.h">
      <Filter>Header Files</Filter>
    </ClInclude>
    <ClInclude Include="stormancer\include\Route.h">
      <Filter>Header Files</Filter>
    </ClInclude>
    <ClInclude Include="stormancer\include\RouteDto.h">
      <Filter>Header Files</Filter>
    </ClInclude>
    <ClInclude Include="stormancer\include\RpcPlugin.h">
      <Filter>Header Files</Filter>
    </ClInclude>
    <ClInclude Include="stormancer\include\RpcRequest.h">
      <Filter>Header Files</Filter>
    </ClInclude>
    <ClInclude Include="stormancer\include\RpcRequestContext.h">
      <Filter>Header Files</Filter>
    </ClInclude>
    <ClInclude Include="stormancer\include\RpcService.h">
      <Filter>Header Files</Filter>
    </ClInclude>
    <ClInclude Include="stormancer\include\Scene.h">
      <Filter>Header Files</Filter>
    </ClInclude>
    <ClInclude Include="stormancer\include\SceneDispatcher.h">
      <Filter>Header Files</Filter>
    </ClInclude>
    <ClInclude Include="stormancer\include\SceneEndpoint.h">
      <Filter>Header Files</Filter>
    </ClInclude>
    <ClInclude Include="stormancer\include\SceneInfosDto.h">
      <Filter>Header Files</Filter>
    </ClInclude>
    <ClInclude Include="stormancer\include\SceneInfosRequestDto.h">
      <Filter>Header Files</Filter>
    </ClInclude>
    <ClInclude Include="stormancer\include\ScenePeer.h">
      <Filter>Header Files</Filter>
    </ClInclude>
    <ClInclude Include="stormancer\include\stormancer.h">
      <Filter>Header Files</Filter>
    </ClInclude>
    <ClInclude Include="stormancer\include\Subscription.h">
      <Filter>Header Files</Filter>
    </ClInclude>
    <ClInclude Include="stormancer\include\SystemRequest.h">
      <Filter>Header Files</Filter>
    </ClInclude>
    <ClInclude Include="stormancer\include\SystemRequestIDTypes.h">
      <Filter>Header Files</Filter>
    </ClInclude>
    <ClInclude Include="stormancer\include\Task.h">
      <Filter>Header Files</Filter>
    </ClInclude>
    <ClInclude Include="stormancer\include\TokenHandler.h">
      <Filter>Header Files</Filter>
    </ClInclude>
    <ClInclude Include="stormancer\include\typedef.h">
      <Filter>Header Files</Filter>
    </ClInclude>
    <ClInclude Include="stormancer\include\Watch.h">
      <Filter>Header Files</Filter>
    </ClInclude>
    <ClInclude Include="stormancer\include\IActionDispatcher.h">
      <Filter>Header Files</Filter>
    </ClInclude>
  </ItemGroup>
  <ItemGroup>
    <None Include="packages.config" />
  </ItemGroup>
</Project>