<?xml version="1.0" encoding="utf-8"?>
<Project ToolsVersion="4.0" xmlns="http://schemas.microsoft.com/developer/msbuild/2003">
  <ItemGroup>
    <Filter Include="Source Files">
      <UniqueIdentifier>{4FC737F1-C7A5-4376-A066-2A32D752A2FF}</UniqueIdentifier>
      <Extensions>cpp;c;cc;cxx;def;odl;idl;hpj;bat;asm;asmx</Extensions>
    </Filter>
    <Filter Include="Header Files">
      <UniqueIdentifier>{93995380-89BD-4b04-88EB-625FBE52EBFB}</UniqueIdentifier>
      <Extensions>h;hh;hpp;hxx;hm;inl;inc;xsd</Extensions>
    </Filter>
    <Filter Include="Resource Files">
      <UniqueIdentifier>{67DA6AB6-F800-4c08-8B7A-83BB121AAD01}</UniqueIdentifier>
      <Extensions>rc;ico;cur;bmp;dlg;rc2;rct;bin;rgs;gif;jpg;jpeg;jpe;resx;tiff;tif;png;wav;mfcribbon-ms</Extensions>
    </Filter>
    <Filter Include="MsgPack">
      <UniqueIdentifier>{15482231-45ae-4f4c-a03e-aaab98048614}</UniqueIdentifier>
      <Extensions>MsgPack/*</Extensions>
    </Filter>
  </ItemGroup>
  <ItemGroup>
    <Text Include="ReadMe.txt" />
  </ItemGroup>
  <ItemGroup>
    <ClInclude Include="MsgPack\MsgPack.h">
      <Filter>MsgPack</Filter>
    </ClInclude>
    <ClInclude Include="MsgPack\Container.h">
      <Filter>MsgPack</Filter>
    </ClInclude>
    <ClInclude Include="MsgPack\Data.h">
      <Filter>MsgPack</Filter>
    </ClInclude>
    <ClInclude Include="MsgPack\Element.h">
      <Filter>MsgPack</Filter>
    </ClInclude>
    <ClInclude Include="MsgPack\Number.h">
      <Filter>MsgPack</Filter>
    </ClInclude>
    <ClInclude Include="MsgPack\Primitive.h">
      <Filter>MsgPack</Filter>
    </ClInclude>
    <ClInclude Include="MsgPack\StreamManager.h">
      <Filter>MsgPack</Filter>
    </ClInclude>
    <ClInclude Include="MsgPack\Header.h">
      <Filter>MsgPack</Filter>
    </ClInclude>
    <ClInclude Include="MsgPack\ContainerHeader.h">
      <Filter>MsgPack</Filter>
    </ClInclude>
    <ClInclude Include="Configuration\ClientConfiguration.h">
      <Filter>Header Files</Filter>
    </ClInclude>
    <ClInclude Include="Core\ISerializer.h">
      <Filter>Header Files</Filter>
    </ClInclude>
    <ClInclude Include="Infrastructure\MsgPackSerializer.h">
      <Filter>Header Files</Filter>
    </ClInclude>
    <ClInclude Include="Core\Models\RouteDto.h">
      <Filter>Header Files</Filter>
    </ClInclude>
    <ClInclude Include="Core\Models\stdafx.h">
      <Filter>Header Files</Filter>
    </ClInclude>
    <ClInclude Include="Core\stdafx.h">
      <Filter>Header Files</Filter>
    </ClInclude>
    <ClInclude Include="Infrastructure\stdafx.h">
      <Filter>Header Files</Filter>
    </ClInclude>
    <ClInclude Include="MsgPack\stdafx.h">
      <Filter>Header Files</Filter>
    </ClInclude>
    <ClInclude Include="Core\IConnection.h">
      <Filter>Header Files</Filter>
    </ClInclude>
    <ClInclude Include="Core\PacketPriority.h">
      <Filter>Header Files</Filter>
    </ClInclude>
    <ClInclude Include="Core\PacketReliability.h">
      <Filter>Header Files</Filter>
    </ClInclude>
    <ClInclude Include="Core\ConnectionState.h">
      <Filter>Header Files</Filter>
    </ClInclude>
    <ClInclude Include="Core\ILogger.h">
      <Filter>Header Files</Filter>
    </ClInclude>
    <ClInclude Include="Core\IScene.h">
      <Filter>Header Files</Filter>
    </ClInclude>
    <ClInclude Include="include\ApiClient.h">
      <Filter>Header Files</Filter>
    </ClInclude>
    <ClInclude Include="include\Client.h">
      <Filter>Header Files</Filter>
    </ClInclude>
    <ClInclude Include="include\Helpers.h">
      <Filter>Header Files</Filter>
    </ClInclude>
    <ClInclude Include="include\stdafx.h">
      <Filter>Header Files</Filter>
    </ClInclude>
    <ClInclude Include="include\targetver.h">
      <Filter>Header Files</Filter>
    </ClInclude>
    <ClInclude Include="include\typedef.h">
      <Filter>Header Files</Filter>
    </ClInclude>
    <ClInclude Include="include\Infrastructure\stdafx.h">
      <Filter>Header Files</Filter>
    </ClInclude>
    <ClInclude Include="include\Infrastructure\MsgPackSerializer.h">
      <Filter>Header Files</Filter>
    </ClInclude>
    <ClInclude Include="include\Core\stdafx.h">
      <Filter>Header Files</Filter>
    </ClInclude>
    <ClInclude Include="include\Core\PacketReliability.h">
      <Filter>Header Files</Filter>
    </ClInclude>
    <ClInclude Include="include\Core\PacketPriority.h">
      <Filter>Header Files</Filter>
    </ClInclude>
    <ClInclude Include="include\Core\ISerializer.h">
      <Filter>Header Files</Filter>
    </ClInclude>
    <ClInclude Include="include\Core\IScene.h">
      <Filter>Header Files</Filter>
    </ClInclude>
    <ClInclude Include="include\Core\ILogger.h">
      <Filter>Header Files</Filter>
    </ClInclude>
    <ClInclude Include="include\Core\IConnection.h">
      <Filter>Header Files</Filter>
    </ClInclude>
    <ClInclude Include="include\Core\ConnectionState.h">
      <Filter>Header Files</Filter>
    </ClInclude>
    <ClInclude Include="include\Configuration\stdafx.h">
      <Filter>Header Files</Filter>
    </ClInclude>
    <ClInclude Include="include\Configuration\ClientConfiguration.h">
      <Filter>Header Files</Filter>
    </ClInclude>
    <ClInclude Include="MsgPack\include\Container.h">
      <Filter>Header Files</Filter>
    </ClInclude>
    <ClInclude Include="MsgPack\include\ContainerHeader.h">
      <Filter>Header Files</Filter>
    </ClInclude>
    <ClInclude Include="MsgPack\include\Data.h">
      <Filter>Header Files</Filter>
    </ClInclude>
    <ClInclude Include="MsgPack\include\Element.h">
      <Filter>Header Files</Filter>
    </ClInclude>
    <ClInclude Include="MsgPack\include\Header.h">
      <Filter>Header Files</Filter>
    </ClInclude>
    <ClInclude Include="MsgPack\include\MsgPack.h">
      <Filter>Header Files</Filter>
    </ClInclude>
    <ClInclude Include="MsgPack\include\Number.h">
      <Filter>Header Files</Filter>
    </ClInclude>
    <ClInclude Include="MsgPack\include\Primitive.h">
      <Filter>Header Files</Filter>
    </ClInclude>
    <ClInclude Include="MsgPack\include\stdafx.h">
      <Filter>Header Files</Filter>
    </ClInclude>
    <ClInclude Include="MsgPack\include\StreamManager.h">
      <Filter>Header Files</Filter>
    </ClInclude>
    <ClInclude Include="include\IConnectionManager.h">
      <Filter>Header Files</Filter>
    </ClInclude>
    <ClInclude Include="include\IPacketProcessor.h">
      <Filter>Header Files</Filter>
    </ClInclude>
    <ClInclude Include="include\IRequest.h">
      <Filter>Header Files</Filter>
    </ClInclude>
    <ClInclude Include="include\ITransport.h">
      <Filter>Header Files</Filter>
    </ClInclude>
    <ClInclude Include="include\MessageIDTypes.h">
      <Filter>Header Files</Filter>
    </ClInclude>
    <ClInclude Include="include\Scene.h">
      <Filter>Header Files</Filter>
    </ClInclude>
    <ClInclude Include="include\SceneEndpoint.h">
      <Filter>Header Files</Filter>
    </ClInclude>
    <ClInclude Include="include\ScenePeer.h">
      <Filter>Header Files</Filter>
    </ClInclude>
    <ClInclude Include="include\Core\Models\RouteDto.h">
      <Filter>Header Files</Filter>
    </ClInclude>
    <ClInclude Include="include\Core\Models\stdafx.h">
      <Filter>Header Files</Filter>
    </ClInclude>
    <ClInclude Include="include\Core\IScenePeer.h">
      <Filter>Header Files</Filter>
    </ClInclude>
    <ClInclude Include="include\Core\Packet.h">
      <Filter>Header Files</Filter>
    </ClInclude>
    <ClInclude Include="include\Core\Route.h">
      <Filter>Header Files</Filter>
    </ClInclude>
    <ClInclude Include="include\Infrastructure\Modules\IModule.h">
      <Filter>Header Files</Filter>
    </ClInclude>
    <ClInclude Include="include\Infrastructure\DefaultPacketDispatcher.h">
      <Filter>Header Files</Filter>
    </ClInclude>
    <ClInclude Include="include\Infrastructure\IPacketDispatcher.h">
      <Filter>Header Files</Filter>
    </ClInclude>
    <ClInclude Include="include\Infrastructure\ITokenHandler.h">
      <Filter>Header Files</Filter>
    </ClInclude>
    <ClInclude Include="include\Plugins\Request.h">
      <Filter>Header Files</Filter>
    </ClInclude>
    <ClInclude Include="include\Plugins\RequestContext.h">
      <Filter>Header Files</Filter>
    </ClInclude>
    <ClInclude Include="include\Transports\RaknetTransport.h">
      <Filter>Header Files</Filter>
    </ClInclude>
    <ClInclude Include="include\Transports\RaknetConnection.h">
      <Filter>Header Files</Filter>
    </ClInclude>
    <ClInclude Include="include\SystemMessages\SceneInfosRequestDto.h">
      <Filter>Header Files</Filter>
    </ClInclude>
    <ClInclude Include="include\SystemMessages\SceneInfosDto.h">
      <Filter>Header Files</Filter>
    </ClInclude>
    <ClInclude Include="include\SystemMessages\ConnectionResult.h">
      <Filter>Header Files</Filter>
    </ClInclude>
    <ClInclude Include="include\SystemMessages\ConnectedToSceneMsg.h">
      <Filter>Header Files</Filter>
    </ClInclude>
    <ClInclude Include="include\Processors\SceneDispatcher.h">
      <Filter>Header Files</Filter>
    </ClInclude>
    <ClInclude Include="include\Processors\RequestProcessor.h">
      <Filter>Header Files</Filter>
    </ClInclude>
    <ClInclude Include="include\DefaultLogger.h">
      <Filter>Header Files</Filter>
    </ClInclude>
    <ClInclude Include="include\Plugins\PluginBuildContext.h">
      <Filter>Header Files</Filter>
    </ClInclude>
    <ClInclude Include="include\Plugins\IClientPlugin.h">
      <Filter>Header Files</Filter>
    </ClInclude>
    <ClInclude Include="include\PacketProcessorConfig.h">
      <Filter>Header Files</Filter>
    </ClInclude>
    <ClInclude Include="include\Plugins\RpcClientPlugin.h">
      <Filter>Header Files</Filter>
    </ClInclude>
    <ClInclude Include="include\Plugins\RpcRequestContext.h">
      <Filter>Header Files</Filter>
    </ClInclude>
    <ClInclude Include="include\Plugins\RpcService.h">
      <Filter>Header Files</Filter>
    </ClInclude>
  </ItemGroup>
  <ItemGroup>
    <ClCompile Include="MsgPack\MsgPack.cpp">
      <Filter>MsgPack</Filter>
    </ClCompile>
    <ClCompile Include="Configuration\ClientConfiguration.cpp">
      <Filter>Source Files</Filter>
    </ClCompile>
    <ClCompile Include="Core\ISerializer.cpp">
      <Filter>Source Files</Filter>
    </ClCompile>
    <ClCompile Include="Infrastructure\MsgPackSerializer.cpp">
      <Filter>Source Files</Filter>
    </ClCompile>
    <ClCompile Include="Core\IConnection.cpp">
      <Filter>Source Files</Filter>
    </ClCompile>
    <ClCompile Include="Core\ILogger.cpp">
      <Filter>Source Files</Filter>
    </ClCompile>
    <ClCompile Include="Core\IScene.cpp">
      <Filter>Source Files</Filter>
    </ClCompile>
    <ClCompile Include="src\ApiClient.cpp">
      <Filter>Source Files</Filter>
    </ClCompile>
    <ClCompile Include="src\Client.cpp">
      <Filter>Source Files</Filter>
    </ClCompile>
    <ClCompile Include="src\Helpers.cpp">
      <Filter>Source Files</Filter>
    </ClCompile>
    <ClCompile Include="src\main.cpp">
      <Filter>Source Files</Filter>
    </ClCompile>
    <ClCompile Include="src\stdafx.cpp">
      <Filter>Source Files</Filter>
    </ClCompile>
    <ClCompile Include="src\Configuration\ClientConfiguration.cpp">
      <Filter>Source Files</Filter>
    </ClCompile>
    <ClCompile Include="src\Infrastructure\MsgPackSerializer.cpp">
      <Filter>Source Files</Filter>
    </ClCompile>
    <ClCompile Include="src\Core\ISerializer.cpp">
      <Filter>Source Files</Filter>
    </ClCompile>
    <ClCompile Include="src\Core\IScene.cpp">
      <Filter>Source Files</Filter>
    </ClCompile>
    <ClCompile Include="src\Core\ILogger.cpp">
      <Filter>Source Files</Filter>
    </ClCompile>
    <ClCompile Include="src\Core\IConnection.cpp">
      <Filter>Source Files</Filter>
    </ClCompile>
    <ClCompile Include="MsgPack\src\MsgPack.cpp">
      <Filter>Source Files</Filter>
    </ClCompile>
    <ClCompile Include="src\Core\IScenePeer.cpp">
      <Filter>Source Files</Filter>
    </ClCompile>
    <ClCompile Include="src\Core\Packet.cpp">
      <Filter>Source Files</Filter>
    </ClCompile>
    <ClCompile Include="src\Core\Route.cpp">
      <Filter>Source Files</Filter>
    </ClCompile>
    <ClCompile Include="src\Core\Models\RouteDto.cpp">
      <Filter>Source Files</Filter>
    </ClCompile>
    <ClCompile Include="src\Infrastructure\DefaultPacketDispatcher.cpp">
      <Filter>Source Files</Filter>
    </ClCompile>
    <ClCompile Include="src\Infrastructure\ITokenHandler.cpp">
      <Filter>Source Files</Filter>
    </ClCompile>
    <ClCompile Include="src\Infrastructure\Modules\IModule.cpp">
      <Filter>Source Files</Filter>
    </ClCompile>
    <ClCompile Include="src\Plugins\RequestContext.cpp">
      <Filter>Source Files</Filter>
    </ClCompile>
    <ClCompile Include="src\Plugins\Request.cpp">
      <Filter>Source Files</Filter>
    </ClCompile>
    <ClCompile Include="src\Processors\RequestProcessor.cpp">
      <Filter>Source Files</Filter>
    </ClCompile>
    <ClCompile Include="src\Processors\SceneDispatcher.cpp">
      <Filter>Source Files</Filter>
    </ClCompile>
    <ClCompile Include="src\Transports\RaknetConnection.cpp">
      <Filter>Source Files</Filter>
    </ClCompile>
    <ClCompile Include="src\Transports\RaknetTransport.cpp">
      <Filter>Source Files</Filter>
    </ClCompile>
    <ClCompile Include="src\ITransport.cpp">
      <Filter>Source Files</Filter>
    </ClCompile>
    <ClCompile Include="src\Infrastructure\IPacketDispatcher.cpp">
      <Filter>Source Files</Filter>
    </ClCompile>
    <ClCompile Include="src\DefaultLogger.cpp">
      <Filter>Source Files</Filter>
    </ClCompile>
    <ClCompile Include="src\Plugins\IClientPlugin.cpp">
      <Filter>Source Files</Filter>
    </ClCompile>
    <ClCompile Include="src\Plugins\PluginBuildContext.cpp">
      <Filter>Source Files</Filter>
    </ClCompile>
    <ClCompile Include="src\IConnectionManager.cpp">
      <Filter>Source Files</Filter>
    </ClCompile>
    <ClCompile Include="src\IPacketProcessor.cpp">
      <Filter>Source Files</Filter>
    </ClCompile>
    <ClCompile Include="src\IRequest.cpp">
      <Filter>Source Files</Filter>
    </ClCompile>
    <ClCompile Include="src\Scene.cpp">
      <Filter>Source Files</Filter>
    </ClCompile>
    <ClCompile Include="src\SceneEndpoint.cpp">
      <Filter>Source Files</Filter>
    </ClCompile>
    <ClCompile Include="src\ScenePeer.cpp">
      <Filter>Source Files</Filter>
    </ClCompile>
    <ClCompile Include="src\PacketProcessorConfig.cpp">
      <Filter>Source Files</Filter>
    </ClCompile>
    <ClCompile Include="src\Plugins\RpcClientPlugin.cpp">
      <Filter>Source Files</Filter>
    </ClCompile>
    <ClCompile Include="src\Plugins\RpcRequestContext.cpp">
      <Filter>Source Files</Filter>
    </ClCompile>
    <ClCompile Include="src\Plugins\RpcService.cpp">
      <Filter>Source Files</Filter>
    </ClCompile>
  </ItemGroup>
  <ItemGroup>
    <None Include="packages.config" />
    <None Include=".gitignore" />
    <None Include="include\stormancer" />
  </ItemGroup>
</Project>