
Microsoft Visual Studio Solution File, Format Version 12.00
# Visual Studio 14
VisualStudioVersion = 14.0.25123.0
MinimumVisualStudioVersion = 10.0.40219.1
Project("{8BC9CEB8-8B4A-11D0-8D11-00A0C91BC942}") = "stormancer-sdk-cpp-lib", "stormancer-sdk-cpp.vcxproj", "{D8CF547F-8B5B-4651-A48F-D6E56EE0B8C1}"
	ProjectSection(ProjectDependencies) = postProject
		{1014C621-BC2D-4813-B8C1-6D83AD6F9249} = {1014C621-BC2D-4813-B8C1-6D83AD6F9249}
		{BC75CD23-CB75-4233-A305-B7328825A9A5} = {BC75CD23-CB75-4233-A305-B7328825A9A5}
	EndProjectSection
EndProject
Project("{2150E333-8FDC-42A3-9474-1A3956D46DE8}") = "Samples", "Samples", "{D796A1C3-82DC-4845-8F6E-521F9B757D84}"
EndProject
Project("{8BC9CEB8-8B4A-11D0-8D11-00A0C91BC942}") = "Tester", "Samples\Tester\Tester.vcxproj", "{DFB15956-69E5-4D05-89C2-E7390F884D50}"
	ProjectSection(ProjectDependencies) = postProject
		{D8CF547F-8B5B-4651-A48F-D6E56EE0B8C1} = {D8CF547F-8B5B-4651-A48F-D6E56EE0B8C1}
	EndProjectSection
EndProject
Project("{2150E333-8FDC-42A3-9474-1A3956D46DE8}") = "libs", "libs", "{DE483714-925D-43E1-A20C-2699E8F1D3B5}"
EndProject
Project("{8BC9CEB8-8B4A-11D0-8D11-00A0C91BC942}") = "RakNet", "RakNet\Lib\DLL\DLL_vc12.vcxproj", "{BC75CD23-CB75-4233-A305-B7328825A9A5}"
EndProject
Project("{8BC9CEB8-8B4A-11D0-8D11-00A0C91BC942}") = "cpprestsdk140", "cpprestsdk\Release\src\build\vs14\casablanca140.vcxproj", "{1014C621-BC2D-4813-B8C1-6D83AD6F9249}"
EndProject
Global
	GlobalSection(SharedMSBuildProjectFiles) = preSolution
		cpprestsdk\Release\src\build\common.vcxitems*{1014c621-bc2d-4813-b8c1-6d83ad6f9249}*SharedItemsImports = 4
		cpprestsdk\Release\src\build\win32.vcxitems*{1014c621-bc2d-4813-b8c1-6d83ad6f9249}*SharedItemsImports = 4
	EndGlobalSection
	GlobalSection(SolutionConfigurationPlatforms) = preSolution
		Debug|ARM = Debug|ARM
		Debug|x64 = Debug|x64
		Debug|x86 = Debug|x86
		Release|ARM = Release|ARM
		Release|x64 = Release|x64
		Release|x86 = Release|x86
	EndGlobalSection
	GlobalSection(ProjectConfigurationPlatforms) = postSolution
		{D8CF547F-8B5B-4651-A48F-D6E56EE0B8C1}.Debug|ARM.ActiveCfg = Debug|Win32
		{D8CF547F-8B5B-4651-A48F-D6E56EE0B8C1}.Debug|x64.ActiveCfg = Debug|x64
		{D8CF547F-8B5B-4651-A48F-D6E56EE0B8C1}.Debug|x64.Build.0 = Debug|x64
		{D8CF547F-8B5B-4651-A48F-D6E56EE0B8C1}.Debug|x86.ActiveCfg = Debug|Win32
		{D8CF547F-8B5B-4651-A48F-D6E56EE0B8C1}.Debug|x86.Build.0 = Debug|Win32
		{D8CF547F-8B5B-4651-A48F-D6E56EE0B8C1}.Release|ARM.ActiveCfg = Release|Win32
		{D8CF547F-8B5B-4651-A48F-D6E56EE0B8C1}.Release|x64.ActiveCfg = Release|x64
		{D8CF547F-8B5B-4651-A48F-D6E56EE0B8C1}.Release|x64.Build.0 = Release|x64
		{D8CF547F-8B5B-4651-A48F-D6E56EE0B8C1}.Release|x86.ActiveCfg = Release|Win32
		{D8CF547F-8B5B-4651-A48F-D6E56EE0B8C1}.Release|x86.Build.0 = Release|Win32
		{DFB15956-69E5-4D05-89C2-E7390F884D50}.Debug|ARM.ActiveCfg = Debug|Win32
		{DFB15956-69E5-4D05-89C2-E7390F884D50}.Debug|x64.ActiveCfg = Debug|x64
		{DFB15956-69E5-4D05-89C2-E7390F884D50}.Debug|x64.Build.0 = Debug|x64
		{DFB15956-69E5-4D05-89C2-E7390F884D50}.Debug|x86.ActiveCfg = Debug|Win32
		{DFB15956-69E5-4D05-89C2-E7390F884D50}.Debug|x86.Build.0 = Debug|Win32
		{DFB15956-69E5-4D05-89C2-E7390F884D50}.Release|ARM.ActiveCfg = Release|Win32
		{DFB15956-69E5-4D05-89C2-E7390F884D50}.Release|x64.ActiveCfg = Release|x64
		{DFB15956-69E5-4D05-89C2-E7390F884D50}.Release|x64.Build.0 = Release|x64
		{DFB15956-69E5-4D05-89C2-E7390F884D50}.Release|x86.ActiveCfg = Release|Win32
		{DFB15956-69E5-4D05-89C2-E7390F884D50}.Release|x86.Build.0 = Release|Win32
		{BC75CD23-CB75-4233-A305-B7328825A9A5}.Debug|ARM.ActiveCfg = Debug|Win32
		{BC75CD23-CB75-4233-A305-B7328825A9A5}.Debug|x64.ActiveCfg = Debug|x64
		{BC75CD23-CB75-4233-A305-B7328825A9A5}.Debug|x64.Build.0 = Debug|x64
		{BC75CD23-CB75-4233-A305-B7328825A9A5}.Debug|x86.ActiveCfg = Debug|Win32
		{BC75CD23-CB75-4233-A305-B7328825A9A5}.Debug|x86.Build.0 = Debug|Win32
		{BC75CD23-CB75-4233-A305-B7328825A9A5}.Release|ARM.ActiveCfg = Release|Win32
		{BC75CD23-CB75-4233-A305-B7328825A9A5}.Release|x64.ActiveCfg = Release|x64
		{BC75CD23-CB75-4233-A305-B7328825A9A5}.Release|x64.Build.0 = Release|x64
		{BC75CD23-CB75-4233-A305-B7328825A9A5}.Release|x86.ActiveCfg = Release|Win32
		{BC75CD23-CB75-4233-A305-B7328825A9A5}.Release|x86.Build.0 = Release|Win32
		{1014C621-BC2D-4813-B8C1-6D83AD6F9249}.Debug|ARM.ActiveCfg = Debug|ARM
		{1014C621-BC2D-4813-B8C1-6D83AD6F9249}.Debug|ARM.Build.0 = Debug|ARM
		{1014C621-BC2D-4813-B8C1-6D83AD6F9249}.Debug|x64.ActiveCfg = Debug|x64
		{1014C621-BC2D-4813-B8C1-6D83AD6F9249}.Debug|x64.Build.0 = Debug|x64
		{1014C621-BC2D-4813-B8C1-6D83AD6F9249}.Debug|x86.ActiveCfg = Debug|Win32
		{1014C621-BC2D-4813-B8C1-6D83AD6F9249}.Debug|x86.Build.0 = Debug|Win32
		{1014C621-BC2D-4813-B8C1-6D83AD6F9249}.Release|ARM.ActiveCfg = Release|ARM
		{1014C621-BC2D-4813-B8C1-6D83AD6F9249}.Release|ARM.Build.0 = Release|ARM
		{1014C621-BC2D-4813-B8C1-6D83AD6F9249}.Release|x64.ActiveCfg = Release|x64
		{1014C621-BC2D-4813-B8C1-6D83AD6F9249}.Release|x64.Build.0 = Release|x64
		{1014C621-BC2D-4813-B8C1-6D83AD6F9249}.Release|x86.ActiveCfg = Release|Win32
		{1014C621-BC2D-4813-B8C1-6D83AD6F9249}.Release|x86.Build.0 = Release|Win32
	EndGlobalSection
	GlobalSection(SolutionProperties) = preSolution
		HideSolutionNode = FALSE
	EndGlobalSection
	GlobalSection(NestedProjects) = preSolution
		{DFB15956-69E5-4D05-89C2-E7390F884D50} = {D796A1C3-82DC-4845-8F6E-521F9B757D84}
		{BC75CD23-CB75-4233-A305-B7328825A9A5} = {DE483714-925D-43E1-A20C-2699E8F1D3B5}
		{1014C621-BC2D-4813-B8C1-6D83AD6F9249} = {DE483714-925D-43E1-A20C-2699E8F1D3B5}
	EndGlobalSection
EndGlobal
