<?xml version="1.0" encoding="utf-8"?>
<Project ToolsVersion="4.0" xmlns="http://schemas.microsoft.com/developer/msbuild/2003">
  <ItemGroup>
    <Filter Include="stormancer_cpp_tester_ios.iOS">
      <UniqueIdentifier>{2497c580-6f00-4b4c-a1c7-3277b6253c8c}</UniqueIdentifier>
    </Filter>
    <Filter Include="stormancer_cpp_tester_ios.iOS\Images.xcassets">
      <UniqueIdentifier>{3a913644-e987-4b9f-a9fd-98f9cc5b862b}</UniqueIdentifier>
      <Extensions>stormancer_cpp_tester_ios.iOS\Images.xcassets\*</Extensions>
    </Filter>
    <Filter Include="stormancer_cpp_tester_ios.iOS\Images.xcassets\AppIcon.appiconset">
      <UniqueIdentifier>{aa4f03ca-a251-4544-9d4b-4401d6d194ee}</UniqueIdentifier>
      <Extensions>stormancer_cpp_tester_ios.iOS\Images.xcassets\AppIcon.appiconset\*</Extensions>
    </Filter>
    <Filter Include="stormancer_cpp_tester_ios.iOS\Supporting Files">
      <UniqueIdentifier>{3681d81f-8a6f-4ab5-b9e4-9e129c216455}</UniqueIdentifier>
    </Filter>
  </ItemGroup>
  <ItemGroup>
    <ClCompile Include="stormancer_cpp_tester_ios.iOS\AppDelegate.mm">
      <Filter>stormancer_cpp_tester_ios.iOS</Filter>
    </ClCompile>
    <ClCompile Include="stormancer_cpp_tester_ios.iOS\GameViewController.mm">
      <Filter>stormancer_cpp_tester_ios.iOS</Filter>
    </ClCompile>
    <ClCompile Include="stormancer_cpp_tester_ios.iOS\main.mm">
      <Filter>stormancer_cpp_tester_ios.iOS\Supporting Files</Filter>
    </ClCompile>
    <ClInclude Include="stormancer_cpp_tester_ios.iOS\AppDelegate.h">
      <Filter>stormancer_cpp_tester_ios.iOS</Filter>
    </ClInclude>
    <ClInclude Include="stormancer_cpp_tester_ios.iOS\GameViewController.h">
      <Filter>stormancer_cpp_tester_ios.iOS</Filter>
    </ClInclude>
    <Content Include="stormancer_cpp_tester_ios.iOS\Base.lproj\Main.storyboard">
      <Filter>stormancer_cpp_tester_ios.iOS</Filter>
    </Content>
    <Content Include="stormancer_cpp_tester_ios.iOS\Images.xcassets\AppIcon.appiconset\Contents.json">
      <Filter>stormancer_cpp_tester_ios.iOS\Images.xcassets\AppIcon.appiconset</Filter>
    </Content>
    <InfoPlist Include="stormancer_cpp_tester_ios.iOS\Info.plist">
      <Filter>stormancer_cpp_tester_ios.iOS\Supporting Files</Filter>
    </InfoPlist>
    <ClCompile Include="..\..\test.cpp">
      <Filter>stormancer_cpp_tester_ios.iOS</Filter>
    </ClCompile>
    <ClCompile Include="stormancer_cpp_tester_ios.iOS\ConsoleLogger.cpp">
      <Filter>stormancer_cpp_tester_ios.iOS</Filter>
    </ClCompile>
  </ItemGroup>
  <ItemGroup>
    <ClInclude Include="..\..\test.h">
      <Filter>stormancer_cpp_tester_ios.iOS</Filter>
    </ClInclude>
    <ClInclude Include="stormancer_cpp_tester_ios.iOS\ConsoleLogger.h">
      <Filter>stormancer_cpp_tester_ios.iOS</Filter>
    </ClInclude>
    <ClInclude Include="stormancer_cpp_tester_ios.iOS\pch.h">
      <Filter>stormancer_cpp_tester_ios.iOS</Filter>
    </ClInclude>
  </ItemGroup>
</Project>