<?xml version="1.0" encoding="utf-8"?>
<Project ToolsVersion="4.0" xmlns="http://schemas.microsoft.com/developer/msbuild/2003">
  <ItemGroup>
    <None Include="packages.config" />
  </ItemGroup>
  <ItemGroup>
    <Filter Include="Header Files">
      <UniqueIdentifier>{6e4ae282-20db-4f5f-9863-b5bf3bb30aa9}</UniqueIdentifier>
    </Filter>
    <Filter Include="Source Files">
      <UniqueIdentifier>{c80b807e-9f43-4e1a-81e8-2ea1b0a33bf2}</UniqueIdentifier>
    </Filter>
  </ItemGroup>
  <ItemGroup>
    <ClInclude Include="..\stormancer-sources\include\private\stormancer\Windows\AES\AES_windows.h">
      <Filter>Header Files</Filter>
    </ClInclude>
    <ClInclude Include="..\stormancer-sources\include\public\stormancer\Logger\VisualStudioLogger.h">
      <Filter>Header Files</Filter>
    </ClInclude>
  </ItemGroup>
  <ItemGroup>
    <ClCompile Include="..\stormancer-sources\src\Logger\VisualStudioLogger.cpp">
      <Filter>Source Files</Filter>
    </ClCompile>
    <ClCompile Include="..\stormancer-sources\src\Windows\AES\AES_windows.cpp">
      <Filter>Source Files</Filter>
    </ClCompile>
  </ItemGroup>
</Project>