<?xml version="1.0" encoding="utf-8"?>
<Project ToolsVersion="4.0" xmlns="http://schemas.microsoft.com/developer/msbuild/2003">
  <ItemGroup>
    <ClCompile Include="main.cpp" />
    <ClCompile Include="StormancerWrapper.cpp" />
    <ClCompile Include="..\..\Plugins\Authentication\AuthenticationPlugin.cpp">
      <Filter>Plugins\Authentication</Filter>
    </ClCompile>
    <ClCompile Include="..\..\Plugins\Authentication\AuthenticationService.cpp">
      <Filter>Plugins\Authentication</Filter>
    </ClCompile>
    <ClCompile Include="..\..\Plugins\BugReport\BugReportPlugin.cpp">
      <Filter>Plugins\BugReport</Filter>
    </ClCompile>
    <ClCompile Include="..\..\Plugins\BugReport\BugReportService.cpp">
      <Filter>Plugins\BugReport</Filter>
    </ClCompile>
    <ClCompile Include="..\..\Plugins\GameSession\GameSessionPlugin.cpp">
      <Filter>Plugins\GameSession</Filter>
    </ClCompile>
    <ClCompile Include="..\..\Plugins\GameSession\GameSessionService.cpp">
      <Filter>Plugins\GameSession</Filter>
    </ClCompile>
    <ClCompile Include="..\..\Plugins\GameVersion\GameVersionPlugin.cpp">
      <Filter>Plugins\GameVersion</Filter>
    </ClCompile>
    <ClCompile Include="..\..\Plugins\GameVersion\GameVersionService.cpp">
      <Filter>Plugins\GameVersion</Filter>
    </ClCompile>
    <ClCompile Include="..\..\Plugins\Leaderboard\LeaderboardPlugin.cpp">
      <Filter>Plugins\Leaderboard</Filter>
    </ClCompile>
    <ClCompile Include="..\..\Plugins\Leaderboard\LeaderboardService.cpp">
      <Filter>Plugins\Leaderboard</Filter>
    </ClCompile>
    <ClCompile Include="..\..\Plugins\Matchmaking\MatchmakingPlugin.cpp">
      <Filter>Plugins\Matchmaking</Filter>
    </ClCompile>
    <ClCompile Include="..\..\Plugins\Matchmaking\MatchmakingService.cpp">
      <Filter>Plugins\Matchmaking</Filter>
    </ClCompile>
    <ClCompile Include="..\..\Plugins\Friends\Friends.cpp">
      <Filter>Plugins\Friends</Filter>
    </ClCompile>
    <ClCompile Include="..\..\Plugins\Friends\FriendsPlugin.cpp">
      <Filter>Plugins\Friends</Filter>
    </ClCompile>
    <ClCompile Include="..\..\Plugins\Invitations\InvitationsPlugin.cpp">
      <Filter>Plugins\Invitations</Filter>
    </ClCompile>
    <ClCompile Include="..\..\Plugins\Invitations\Invitations.cpp">
      <Filter>Plugins\Invitations</Filter>
    </ClCompile>
  </ItemGroup>
  <ItemGroup>
    <ClInclude Include="StormancerWrapper.h" />
    <ClInclude Include="..\..\Plugins\Authentication\AuthenticationPlugin.h">
      <Filter>Plugins\Authentication</Filter>
    </ClInclude>
    <ClInclude Include="..\..\Plugins\Authentication\AuthenticationService.h">
      <Filter>Plugins\Authentication</Filter>
    </ClInclude>
    <ClInclude Include="..\..\Plugins\BugReport\BugReportPlugin.h">
      <Filter>Plugins\BugReport</Filter>
    </ClInclude>
    <ClInclude Include="..\..\Plugins\BugReport\BugReportService.h">
      <Filter>Plugins\BugReport</Filter>
    </ClInclude>
    <ClInclude Include="..\..\Plugins\GameSession\GameSessionPlugin.h">
      <Filter>Plugins\GameSession</Filter>
    </ClInclude>
    <ClInclude Include="..\..\Plugins\GameSession\GameSessionService.h">
      <Filter>Plugins\GameSession</Filter>
    </ClInclude>
    <ClInclude Include="..\..\Plugins\GameVersion\GameVersionPlugin.h">
      <Filter>Plugins\GameVersion</Filter>
    </ClInclude>
    <ClInclude Include="..\..\Plugins\GameVersion\GameVersionService.h">
      <Filter>Plugins\GameVersion</Filter>
    </ClInclude>
    <ClInclude Include="..\..\Plugins\Leaderboard\LeaderboardDto.h">
      <Filter>Plugins\Leaderboard</Filter>
    </ClInclude>
    <ClInclude Include="..\..\Plugins\Leaderboard\LeaderboardPlugin.h">
      <Filter>Plugins\Leaderboard</Filter>
    </ClInclude>
    <ClInclude Include="..\..\Plugins\Leaderboard\LeaderboardService.h">
      <Filter>Plugins\Leaderboard</Filter>
    </ClInclude>
    <ClInclude Include="..\..\Plugins\Matchmaking\MatchmakingPlugin.h">
      <Filter>Plugins\Matchmaking</Filter>
    </ClInclude>
    <ClInclude Include="..\..\Plugins\Matchmaking\MatchMakingService.h">
      <Filter>Plugins\Matchmaking</Filter>
    </ClInclude>
    <ClInclude Include="..\..\Plugins\PlayerProfile\PlayerProfile.h">
      <Filter>Plugins\PlayerProfile</Filter>
    </ClInclude>
    <ClInclude Include="..\..\Plugins\PlayerProfile\PlayerProfilePlugin.h">
      <Filter>Plugins\PlayerProfile</Filter>
    </ClInclude>
    <ClInclude Include="..\..\Plugins\PlayerProfile\PlayerProfileService.h">
      <Filter>Plugins\PlayerProfile</Filter>
    </ClInclude>
    <ClInclude Include="..\..\Plugins\Friends\Friends.h">
      <Filter>Plugins\Friends</Filter>
    </ClInclude>
    <ClInclude Include="..\..\Plugins\Friends\FriendsPlugin.h">
      <Filter>Plugins\Friends</Filter>
    </ClInclude>
    <ClInclude Include="..\..\Plugins\Invitations\InvitationsPlugin.h">
      <Filter>Plugins\Invitations</Filter>
    </ClInclude>
    <ClInclude Include="..\..\Plugins\Invitations\Invitations.h">
      <Filter>Plugins\Invitations</Filter>
    </ClInclude>
  </ItemGroup>
  <ItemGroup>
    <Filter Include="Plugins">
      <UniqueIdentifier>{62ff109e-390a-4aba-a478-9ef8317a1dbb}</UniqueIdentifier>
    </Filter>
    <Filter Include="Plugins\Authentication">
      <UniqueIdentifier>{8503a62c-02d0-4e49-84df-f833c4c3ca0a}</UniqueIdentifier>
    </Filter>
    <Filter Include="Plugins\BugReport">
      <UniqueIdentifier>{d541ebcb-afcd-4b86-9e67-39442ac492ca}</UniqueIdentifier>
    </Filter>
    <Filter Include="Plugins\GameSession">
      <UniqueIdentifier>{8e28f486-3be4-4f48-94e1-c764b4d57c6f}</UniqueIdentifier>
    </Filter>
    <Filter Include="Plugins\GameVersion">
      <UniqueIdentifier>{4c4355c9-3759-4667-ac90-7464a75cbe54}</UniqueIdentifier>
    </Filter>
    <Filter Include="Plugins\Leaderboard">
      <UniqueIdentifier>{056a2778-03b6-449a-994b-aa477d4aa347}</UniqueIdentifier>
    </Filter>
    <Filter Include="Plugins\Matchmaking">
      <UniqueIdentifier>{3c0bd910-5620-4f3b-93f8-6967971cca20}</UniqueIdentifier>
    </Filter>
    <Filter Include="Plugins\PlayerProfile">
      <UniqueIdentifier>{06422710-b112-46e4-83fe-8ab8123a6d2d}</UniqueIdentifier>
    </Filter>
    <Filter Include="Plugins\Friends">
      <UniqueIdentifier>{f98b77c6-7dbe-434b-8758-622e3db2ee9a}</UniqueIdentifier>
    </Filter>
    <Filter Include="Plugins\Invitations">
      <UniqueIdentifier>{dd379733-112b-4042-b566-f4868414828c}</UniqueIdentifier>
    </Filter>
  </ItemGroup>
</Project>