<?xml version="1.0" encoding="utf-8"?>
<Project ToolsVersion="4.0" xmlns="http://schemas.microsoft.com/developer/msbuild/2003">
  <ItemGroup>
    <ClCompile Include="main.cpp" />
    <ClCompile Include="StormancerWrapper.cpp" />
    <ClCompile Include="..\..\Plugins\Authentication\AuthenticationPlugin.cpp">
      <Filter>Plugins</Filter>
    </ClCompile>
    <ClCompile Include="..\..\Plugins\Authentication\AuthenticationService.cpp">
      <Filter>Plugins</Filter>
    </ClCompile>
    <ClCompile Include="..\..\Plugins\BugReport\BugReportPlugin.cpp">
      <Filter>Plugins</Filter>
    </ClCompile>
    <ClCompile Include="..\..\Plugins\BugReport\BugReportService.cpp">
      <Filter>Plugins</Filter>
    </ClCompile>
    <ClCompile Include="..\..\Plugins\GameSession\GameSessionPlugin.cpp">
      <Filter>Plugins</Filter>
    </ClCompile>
    <ClCompile Include="..\..\Plugins\GameSession\GameSessionService.cpp">
      <Filter>Plugins</Filter>
    </ClCompile>
    <ClCompile Include="..\..\Plugins\GameVersion\GameVersionPlugin.cpp">
      <Filter>Plugins</Filter>
    </ClCompile>
    <ClCompile Include="..\..\Plugins\GameVersion\GameVersionService.cpp">
      <Filter>Plugins</Filter>
    </ClCompile>
    <ClCompile Include="..\..\Plugins\Leaderboard\LeaderboardPlugin.cpp">
      <Filter>Plugins</Filter>
    </ClCompile>
    <ClCompile Include="..\..\Plugins\Leaderboard\LeaderboardService.cpp">
      <Filter>Plugins</Filter>
    </ClCompile>
    <ClCompile Include="..\..\Plugins\Matchmaking\MatchmakingPlugin.cpp">
      <Filter>Plugins</Filter>
    </ClCompile>
    <ClCompile Include="..\..\Plugins\Matchmaking\MatchmakingService.cpp">
      <Filter>Plugins</Filter>
    </ClCompile>
  </ItemGroup>
  <ItemGroup>
    <ClInclude Include="StormancerWrapper.h" />
    <ClInclude Include="..\..\Plugins\Authentication\AuthenticationPlugin.h">
      <Filter>Plugins</Filter>
    </ClInclude>
    <ClInclude Include="..\..\Plugins\Authentication\AuthenticationService.h">
      <Filter>Plugins</Filter>
    </ClInclude>
    <ClInclude Include="..\..\Plugins\BugReport\BugReportPlugin.h">
      <Filter>Plugins</Filter>
    </ClInclude>
    <ClInclude Include="..\..\Plugins\BugReport\BugReportService.h">
      <Filter>Plugins</Filter>
    </ClInclude>
    <ClInclude Include="..\..\Plugins\GameSession\GameSessionPlugin.h">
      <Filter>Plugins</Filter>
    </ClInclude>
    <ClInclude Include="..\..\Plugins\GameSession\GameSessionService.h">
      <Filter>Plugins</Filter>
    </ClInclude>
    <ClInclude Include="..\..\Plugins\GameVersion\GameVersionPlugin.h">
      <Filter>Plugins</Filter>
    </ClInclude>
    <ClInclude Include="..\..\Plugins\GameVersion\GameVersionService.h">
      <Filter>Plugins</Filter>
    </ClInclude>
    <ClInclude Include="..\..\Plugins\Leaderboard\LeaderboardDto.h">
      <Filter>Plugins</Filter>
    </ClInclude>
    <ClInclude Include="..\..\Plugins\Leaderboard\LeaderboardPlugin.h">
      <Filter>Plugins</Filter>
    </ClInclude>
    <ClInclude Include="..\..\Plugins\Leaderboard\LeaderboardService.h">
      <Filter>Plugins</Filter>
    </ClInclude>
    <ClInclude Include="..\..\Plugins\Matchmaking\MatchmakingPlugin.h">
      <Filter>Plugins</Filter>
    </ClInclude>
    <ClInclude Include="..\..\Plugins\Matchmaking\MatchMakingService.h">
      <Filter>Plugins</Filter>
    </ClInclude>
    <ClInclude Include="..\..\Plugins\PlayerProfile\PlayerProfile.h">
      <Filter>Plugins</Filter>
    </ClInclude>
    <ClInclude Include="..\..\Plugins\PlayerProfile\PlayerProfilePlugin.h">
      <Filter>Plugins</Filter>
    </ClInclude>
    <ClInclude Include="..\..\Plugins\PlayerProfile\PlayerProfileService.h">
      <Filter>Plugins</Filter>
    </ClInclude>
  </ItemGroup>
  <ItemGroup>
    <Filter Include="Plugins">
      <UniqueIdentifier>{62ff109e-390a-4aba-a478-9ef8317a1dbb}</UniqueIdentifier>
    </Filter>
  </ItemGroup>
</Project>