<?xml version="1.0" encoding="utf-8"?>
<Project ToolsVersion="4.0" xmlns="http://schemas.microsoft.com/developer/msbuild/2003">
  <ItemGroup>
    <Filter Include="private">
      <UniqueIdentifier>{8507c37c-4d07-469d-8ee2-0cae8c021e46}</UniqueIdentifier>
    </Filter>
    <Filter Include="public">
      <UniqueIdentifier>{2caa2b49-60a5-4666-9664-a23ccef66d77}</UniqueIdentifier>
    </Filter>
    <Filter Include="public\Authentication">
      <UniqueIdentifier>{af37929b-c36e-4196-a73a-68842010988c}</UniqueIdentifier>
    </Filter>
    <Filter Include="public\AssetsStorage">
      <UniqueIdentifier>{357c6ac3-560c-4a18-bf4b-3b6d22ed3b98}</UniqueIdentifier>
    </Filter>
    <Filter Include="public\BugReport">
      <UniqueIdentifier>{3a0ce32a-7688-4988-a61a-b8bc7df24ef2}</UniqueIdentifier>
    </Filter>
    <Filter Include="public\Core">
      <UniqueIdentifier>{6e47781a-a00a-4dbc-8921-5b19a08ad453}</UniqueIdentifier>
    </Filter>
    <Filter Include="public\GameFinder">
      <UniqueIdentifier>{15dd99eb-b219-46b1-944f-0078b449e093}</UniqueIdentifier>
    </Filter>
    <Filter Include="public\GameRecovery">
      <UniqueIdentifier>{a3e8c759-3ca2-45dc-b928-1d981251bf36}</UniqueIdentifier>
    </Filter>
    <Filter Include="public\GameSession">
      <UniqueIdentifier>{708401b8-4ff9-420e-bef1-a43dc0f429b4}</UniqueIdentifier>
    </Filter>
    <Filter Include="public\GameVersion">
      <UniqueIdentifier>{725a5b9d-7ce6-41fb-83ef-690705239321}</UniqueIdentifier>
    </Filter>
    <Filter Include="public\InAppNotification">
      <UniqueIdentifier>{de4a215d-ebab-4e44-af3b-a52a6425db7c}</UniqueIdentifier>
    </Filter>
    <Filter Include="public\Invitations">
      <UniqueIdentifier>{20f6211d-ffb0-4537-80e3-ad9a6e4097d5}</UniqueIdentifier>
    </Filter>
    <Filter Include="public\Leaderboard">
      <UniqueIdentifier>{62f7066b-ca80-4a5a-a218-fc1de11c1dfa}</UniqueIdentifier>
    </Filter>
    <Filter Include="public\Members">
      <UniqueIdentifier>{c2b8206e-88b7-4df9-86a6-5058ddb0885e}</UniqueIdentifier>
    </Filter>
    <Filter Include="public\Party">
      <UniqueIdentifier>{7e708c36-39f2-49ef-bd19-968b8bb3d1a3}</UniqueIdentifier>
    </Filter>
    <Filter Include="public\Persistence">
      <UniqueIdentifier>{f9d8a1d2-3857-4616-8752-16a19f4ddffc}</UniqueIdentifier>
    </Filter>
    <Filter Include="public\PlayerData">
      <UniqueIdentifier>{8c94f8b4-71ee-43a6-9eee-bc1dcb09426c}</UniqueIdentifier>
    </Filter>
    <Filter Include="public\PlayerReport">
      <UniqueIdentifier>{ceb1e9d4-7dfd-4f9a-85c2-07285c1db135}</UniqueIdentifier>
    </Filter>
    <Filter Include="public\Profile">
      <UniqueIdentifier>{37f024a2-1fde-4e83-ac79-429c31bc78b2}</UniqueIdentifier>
    </Filter>
    <Filter Include="private\Authentication">
      <UniqueIdentifier>{6c9dcbec-f436-45c3-88d4-09724cf8c263}</UniqueIdentifier>
    </Filter>
    <Filter Include="private\AssetsStorage">
      <UniqueIdentifier>{9ea67b59-5a6a-482b-9015-6d8b5992db4d}</UniqueIdentifier>
    </Filter>
    <Filter Include="private\Core">
      <UniqueIdentifier>{d702007e-e226-4451-ac88-142ec24cfe73}</UniqueIdentifier>
    </Filter>
    <Filter Include="private\GameFinder">
      <UniqueIdentifier>{c9f45112-0807-4850-b7a7-f81668b5680c}</UniqueIdentifier>
    </Filter>
    <Filter Include="private\GameRecovery">
      <UniqueIdentifier>{8ebd4df4-5b57-4386-88c7-3714867ff7f6}</UniqueIdentifier>
    </Filter>
    <Filter Include="private\GameSession">
      <UniqueIdentifier>{310700c0-7a4e-433a-8b3c-6cc0ce17b61f}</UniqueIdentifier>
    </Filter>
    <Filter Include="private\GameVersion">
      <UniqueIdentifier>{9bb9a857-9f91-44c3-93f5-794e05663f7a}</UniqueIdentifier>
    </Filter>
    <Filter Include="private\InAppNotification">
      <UniqueIdentifier>{6475f136-e359-4d63-ae73-ea413e9cb49d}</UniqueIdentifier>
    </Filter>
    <Filter Include="private\Invitations">
      <UniqueIdentifier>{4cdee76a-9827-411b-9487-a574b99508b3}</UniqueIdentifier>
    </Filter>
    <Filter Include="private\Leaderboard">
      <UniqueIdentifier>{f8800b87-55a2-4c2a-8aea-dba84d2a267b}</UniqueIdentifier>
    </Filter>
    <Filter Include="private\Members">
      <UniqueIdentifier>{9b58dad9-907d-4e10-a99d-3229a9b974b2}</UniqueIdentifier>
    </Filter>
    <Filter Include="private\Profile">
      <UniqueIdentifier>{f527e8e9-7e62-4427-ad30-f3c469ab08d1}</UniqueIdentifier>
    </Filter>
    <Filter Include="private\PlayerReport">
      <UniqueIdentifier>{a8bf3244-a6f3-41e2-a6e2-1269976bbf3e}</UniqueIdentifier>
    </Filter>
    <Filter Include="private\PlayerData">
      <UniqueIdentifier>{7d248dda-1d17-447b-a29d-3f570dcfeb00}</UniqueIdentifier>
    </Filter>
    <Filter Include="private\Persistence">
      <UniqueIdentifier>{28ad3724-99b2-4bf3-89e6-35454194415f}</UniqueIdentifier>
    </Filter>
    <Filter Include="private\Party">
      <UniqueIdentifier>{4417bbf1-6584-4ca4-9f19-105918b7662b}</UniqueIdentifier>
    </Filter>
    <Filter Include="private\BugReport">
      <UniqueIdentifier>{caa26ce1-35b4-407e-8f55-106bf5ab17f9}</UniqueIdentifier>
    </Filter>
  </ItemGroup>
  <ItemGroup>
    <ClCompile Include="$(MSBuildThisFileDirectory)private\Authentication\AuthenticationPlugin.cpp">
      <Filter>private\Authentication</Filter>
    </ClCompile>
    <ClCompile Include="$(MSBuildThisFileDirectory)private\Authentication\AuthenticationService.cpp">
      <Filter>private\Authentication</Filter>
    </ClCompile>
    <ClCompile Include="$(MSBuildThisFileDirectory)private\AssetsStorage\AssetsStoragePlugin.cpp">
      <Filter>private\AssetsStorage</Filter>
    </ClCompile>
    <ClCompile Include="$(MSBuildThisFileDirectory)private\AssetsStorage\AssetsStorageService.cpp">
      <Filter>private\AssetsStorage</Filter>
    </ClCompile>
    <ClCompile Include="$(MSBuildThisFileDirectory)private\Core\ClientApi.cpp">
      <Filter>private\Core</Filter>
    </ClCompile>
    <ClCompile Include="$(MSBuildThisFileDirectory)private\GameFinder\GameFinderPlugin.cpp">
      <Filter>private\GameFinder</Filter>
    </ClCompile>
    <ClCompile Include="$(MSBuildThisFileDirectory)private\GameFinder\GameFinderService.cpp">
      <Filter>private\GameFinder</Filter>
    </ClCompile>
    <ClCompile Include="$(MSBuildThisFileDirectory)private\GameRecovery\GameRecoveryPlugin.cpp">
      <Filter>private\GameRecovery</Filter>
    </ClCompile>
    <ClCompile Include="$(MSBuildThisFileDirectory)private\GameRecovery\GameRecoveryService.cpp">
      <Filter>private\GameRecovery</Filter>
    </ClCompile>
    <ClCompile Include="$(MSBuildThisFileDirectory)private\GameVersion\GameVersionPlugin.cpp">
      <Filter>private\GameVersion</Filter>
    </ClCompile>
    <ClCompile Include="$(MSBuildThisFileDirectory)private\GameVersion\GameVersionService.cpp">
      <Filter>private\GameVersion</Filter>
    </ClCompile>
    <ClCompile Include="$(MSBuildThisFileDirectory)private\InAppNotification\InAppNotificationPlugin.cpp">
      <Filter>private\InAppNotification</Filter>
    </ClCompile>
    <ClCompile Include="$(MSBuildThisFileDirectory)private\InAppNotification\InAppNotificationService.cpp">
      <Filter>private\InAppNotification</Filter>
    </ClCompile>
    <ClCompile Include="$(MSBuildThisFileDirectory)private\Invitations\Invitations.cpp">
      <Filter>private\Invitations</Filter>
    </ClCompile>
    <ClCompile Include="$(MSBuildThisFileDirectory)private\Invitations\InvitationsPlugin.cpp">
      <Filter>private\Invitations</Filter>
    </ClCompile>
    <ClCompile Include="$(MSBuildThisFileDirectory)private\Leaderboard\LeaderboardPlugin.cpp">
      <Filter>private\Leaderboard</Filter>
    </ClCompile>
    <ClCompile Include="$(MSBuildThisFileDirectory)private\Leaderboard\LeaderboardService.cpp">
      <Filter>private\Leaderboard</Filter>
    </ClCompile>
    <ClCompile Include="$(MSBuildThisFileDirectory)private\PlayerReport\PlayerReportPlugin.cpp">
      <Filter>private\PlayerReport</Filter>
    </ClCompile>
    <ClCompile Include="$(MSBuildThisFileDirectory)private\PlayerReport\PlayerReportService.cpp">
      <Filter>private\PlayerReport</Filter>
    </ClCompile>
    <ClCompile Include="$(MSBuildThisFileDirectory)private\PlayerData\PlayerDataService.cpp">
      <Filter>private\PlayerData</Filter>
    </ClCompile>
    <ClCompile Include="$(MSBuildThisFileDirectory)private\Persistence\PersistenceService.cpp">
      <Filter>private\Persistence</Filter>
    </ClCompile>
    <ClCompile Include="$(MSBuildThisFileDirectory)private\Party\PartyPlugin.cpp">
      <Filter>private\Party</Filter>
    </ClCompile>
    <ClCompile Include="$(MSBuildThisFileDirectory)private\Party\PartyService.cpp">
      <Filter>private\Party</Filter>
    </ClCompile>
    <ClCompile Include="$(MSBuildThisFileDirectory)private\BugReport\BugReportPlugin.cpp">
      <Filter>private\BugReport</Filter>
    </ClCompile>
    <ClCompile Include="$(MSBuildThisFileDirectory)private\BugReport\BugReportService.cpp">
      <Filter>private\BugReport</Filter>
    </ClCompile>
    <ClCompile Include="$(MSBuildThisFileDirectory)private\GameSession\GameSessionPlugin.cpp">
      <Filter>private\GameSession</Filter>
    </ClCompile>
    <ClCompile Include="$(MSBuildThisFileDirectory)private\GameSession\GameSessionService.cpp">
      <Filter>private\GameSession</Filter>
    </ClCompile>
    <ClCompile Include="$(MSBuildThisFileDirectory)private\GameSession\GameSession_Impl.cpp">
      <Filter>private\GameSession</Filter>
    </ClCompile>
    <ClCompile Include="$(MSBuildThisFileDirectory)private\GameRecovery\GameRecovery_Impl.cpp" />
    <ClCompile Include="$(MSBuildThisFileDirectory)private\Members\Friends_Impl.cpp">
      <Filter>private\Members</Filter>
    </ClCompile>
    <ClCompile Include="$(MSBuildThisFileDirectory)private\Members\FriendsPlugin.cpp">
      <Filter>private\Members</Filter>
    </ClCompile>
    <ClCompile Include="$(MSBuildThisFileDirectory)private\Members\FriendsService.cpp">
      <Filter>private\Members</Filter>
    </ClCompile>
    <ClCompile Include="$(MSBuildThisFileDirectory)private\Members\Organizations_Impl.cpp">
      <Filter>private\Members</Filter>
    </ClCompile>
    <ClCompile Include="$(MSBuildThisFileDirectory)private\Members\OrganizationsContainer.cpp">
      <Filter>private\Members</Filter>
    </ClCompile>
    <ClCompile Include="$(MSBuildThisFileDirectory)private\Members\OrganizationsPlugin.cpp">
      <Filter>private\Members</Filter>
    </ClCompile>
    <ClCompile Include="$(MSBuildThisFileDirectory)private\Members\OrganizationsService.cpp">
      <Filter>private\Members</Filter>
    </ClCompile>
    <ClCompile Include="$(MSBuildThisFileDirectory)private\Party\Party_Impl.cpp">
      <Filter>private\Party</Filter>
    </ClCompile>
    <ClCompile Include="$(MSBuildThisFileDirectory)private\Party\PartyManagementService.cpp">
      <Filter>private\Party</Filter>
    </ClCompile>
    <ClCompile Include="$(MSBuildThisFileDirectory)private\Party\PartyContainer.cpp">
      <Filter>private\Party</Filter>
    </ClCompile>
    <ClCompile Include="$(MSBuildThisFileDirectory)private\Profile\ProfilePlugin.cpp">
      <Filter>private\Profile</Filter>
    </ClCompile>
    <ClCompile Include="$(MSBuildThisFileDirectory)private\Profile\ProfileService.cpp">
      <Filter>private\Profile</Filter>
    </ClCompile>
    <ClCompile Include="$(MSBuildThisFileDirectory)private\Profile\Profiles_Impl.cpp">
      <Filter>private\Profile</Filter>
    </ClCompile>
    <ClCompile Include="$(MSBuildThisFileDirectory)private\GameFinder\GameFinder_Impl.cpp" />
    <ClCompile Include="$(MSBuildThisFileDirectory)private\InAppNotification\InAppNotificationContainer.cpp" />
    <ClCompile Include="$(MSBuildThisFileDirectory)private\InAppNotification\InAppNotification_Impl.cpp" />
  </ItemGroup>
  <ItemGroup>
    <ClInclude Include="$(MSBuildThisFileDirectory)private\Leaderboard\Leaderboard_Impl.h">
      <Filter>private\Leaderboard</Filter>
    </ClInclude>
    <ClInclude Include="$(MSBuildThisFileDirectory)private\Leaderboard\LeaderboardModels.h">
      <Filter>private\Leaderboard</Filter>
    </ClInclude>
    <ClInclude Include="$(MSBuildThisFileDirectory)private\Leaderboard\LeaderboardPlugin.h">
      <Filter>private\Leaderboard</Filter>
    </ClInclude>
    <ClInclude Include="$(MSBuildThisFileDirectory)private\Leaderboard\LeaderboardService.h">
      <Filter>private\Leaderboard</Filter>
    </ClInclude>
    <ClInclude Include="$(MSBuildThisFileDirectory)public\Authentication\AuthenticationPlugin.h">
      <Filter>public\Authentication</Filter>
    </ClInclude>
    <ClInclude Include="$(MSBuildThisFileDirectory)public\Authentication\AuthenticationService.h">
      <Filter>public\Authentication</Filter>
    </ClInclude>
    <ClInclude Include="$(MSBuildThisFileDirectory)public\AssetsStorage\AssetsStorageDto.h">
      <Filter>public\AssetsStorage</Filter>
    </ClInclude>
    <ClInclude Include="$(MSBuildThisFileDirectory)public\AssetsStorage\AssetsStoragePlugin.h">
      <Filter>public\AssetsStorage</Filter>
    </ClInclude>
    <ClInclude Include="$(MSBuildThisFileDirectory)public\AssetsStorage\AssetsStorageService.h">
      <Filter>public\AssetsStorage</Filter>
    </ClInclude>
    <ClInclude Include="$(MSBuildThisFileDirectory)public\BugReport\BugReportPlugin.h">
      <Filter>public\BugReport</Filter>
    </ClInclude>
    <ClInclude Include="$(MSBuildThisFileDirectory)public\BugReport\BugReportService.h">
      <Filter>public\BugReport</Filter>
    </ClInclude>
    <ClInclude Include="$(MSBuildThisFileDirectory)public\Core\ClientAPI.h">
      <Filter>public\Core</Filter>
    </ClInclude>
    <ClInclude Include="$(MSBuildThisFileDirectory)public\GameVersion\GameVersionPlugin.h">
      <Filter>public\GameVersion</Filter>
    </ClInclude>
    <ClInclude Include="$(MSBuildThisFileDirectory)public\GameVersion\GameVersionService.h">
      <Filter>public\GameVersion</Filter>
    </ClInclude>
    <ClInclude Include="$(MSBuildThisFileDirectory)public\Invitations\Invitations.h">
      <Filter>public\Invitations</Filter>
    </ClInclude>
    <ClInclude Include="$(MSBuildThisFileDirectory)public\Invitations\InvitationsPlugin.h">
      <Filter>public\Invitations</Filter>
    </ClInclude>
    <ClInclude Include="$(MSBuildThisFileDirectory)public\Leaderboard\Leaderboard.h">
      <Filter>public\Leaderboard</Filter>
    </ClInclude>
    <ClInclude Include="$(MSBuildThisFileDirectory)public\PlayerReport\PlayerReportPlugin.h">
      <Filter>public\PlayerReport</Filter>
    </ClInclude>
    <ClInclude Include="$(MSBuildThisFileDirectory)public\PlayerReport\PlayerReportService.h">
      <Filter>public\PlayerReport</Filter>
    </ClInclude>
    <ClInclude Include="$(MSBuildThisFileDirectory)public\PlayerData\PlayerDataService.h">
      <Filter>public\PlayerData</Filter>
    </ClInclude>
    <ClInclude Include="$(MSBuildThisFileDirectory)public\PlayerData\PlayerDataUpdate.h">
      <Filter>public\PlayerData</Filter>
    </ClInclude>
    <ClInclude Include="$(MSBuildThisFileDirectory)public\Persistence\PersistenceModels.h">
      <Filter>public\Persistence</Filter>
    </ClInclude>
    <ClInclude Include="$(MSBuildThisFileDirectory)public\Persistence\PersistenceService.h">
      <Filter>public\Persistence</Filter>
    </ClInclude>
    <ClInclude Include="$(MSBuildThisFileDirectory)public\GameFinder\GameFinder.h">
      <Filter>public\GameFinder</Filter>
    </ClInclude>
    <ClInclude Include="$(MSBuildThisFileDirectory)private\GameFinder\GameFinder_Impl.h">
      <Filter>private\GameFinder</Filter>
    </ClInclude>
    <ClInclude Include="$(MSBuildThisFileDirectory)private\GameFinder\GameFinderModels.h">
      <Filter>private\GameFinder</Filter>
    </ClInclude>
    <ClInclude Include="$(MSBuildThisFileDirectory)private\GameFinder\GameFinderPlugin.h">
      <Filter>private\GameFinder</Filter>
    </ClInclude>
    <ClInclude Include="$(MSBuildThisFileDirectory)private\GameFinder\GameFinderService.h">
      <Filter>private\GameFinder</Filter>
    </ClInclude>
    <ClInclude Include="$(MSBuildThisFileDirectory)public\GameRecovery\GameRecovery_Impl.h" />
    <ClInclude Include="$(MSBuildThisFileDirectory)public\GameRecovery\GameRecovery.h">
      <Filter>public\GameRecovery</Filter>
    </ClInclude>
    <ClInclude Include="$(MSBuildThisFileDirectory)private\GameRecovery\GameRecovery_Impl.h">
      <Filter>private\GameRecovery</Filter>
    </ClInclude>
    <ClInclude Include="$(MSBuildThisFileDirectory)private\GameRecovery\GameRecoveryModels.h">
      <Filter>private\GameRecovery</Filter>
    </ClInclude>
    <ClInclude Include="$(MSBuildThisFileDirectory)private\GameRecovery\GameRecoveryPlugin.h">
      <Filter>private\GameRecovery</Filter>
    </ClInclude>
    <ClInclude Include="$(MSBuildThisFileDirectory)private\GameRecovery\GameRecoveryService.h">
      <Filter>private\GameRecovery</Filter>
    </ClInclude>
    <ClInclude Include="$(MSBuildThisFileDirectory)public\GameSession\GameSession.h">
      <Filter>public\GameSession</Filter>
    </ClInclude>
    <ClInclude Include="$(MSBuildThisFileDirectory)private\GameSession\GameSession_Impl.h">
      <Filter>private\GameSession</Filter>
    </ClInclude>
    <ClInclude Include="$(MSBuildThisFileDirectory)private\GameSession\GameSessionModels.h">
      <Filter>private\GameSession</Filter>
    </ClInclude>
    <ClInclude Include="$(MSBuildThisFileDirectory)private\GameSession\GameSessionPlugin.h">
      <Filter>private\GameSession</Filter>
    </ClInclude>
    <ClInclude Include="$(MSBuildThisFileDirectory)private\GameSession\GameSessionService.h">
      <Filter>private\GameSession</Filter>
    </ClInclude>
    <ClInclude Include="$(MSBuildThisFileDirectory)public\Members\Friends.h">
      <Filter>public\Members</Filter>
    </ClInclude>
    <ClInclude Include="$(MSBuildThisFileDirectory)public\Members\Organizations.h">
      <Filter>public\Members</Filter>
    </ClInclude>
    <ClInclude Include="$(MSBuildThisFileDirectory)private\Members\Friends_Impl.h">
      <Filter>private\Members</Filter>
    </ClInclude>
    <ClInclude Include="$(MSBuildThisFileDirectory)private\Members\FriendsModels.h">
      <Filter>private\Members</Filter>
    </ClInclude>
    <ClInclude Include="$(MSBuildThisFileDirectory)private\Members\FriendsPlugin.h">
      <Filter>private\Members</Filter>
    </ClInclude>
    <ClInclude Include="$(MSBuildThisFileDirectory)private\Members\FriendsService.h">
      <Filter>private\Members</Filter>
    </ClInclude>
    <ClInclude Include="$(MSBuildThisFileDirectory)private\Members\Organizations_Impl.h">
      <Filter>private\Members</Filter>
    </ClInclude>
    <ClInclude Include="$(MSBuildThisFileDirectory)private\Members\OrganizationsContainer.h">
      <Filter>private\Members</Filter>
    </ClInclude>
    <ClInclude Include="$(MSBuildThisFileDirectory)private\Members\OrganizationsPlugin.h">
      <Filter>private\Members</Filter>
    </ClInclude>
    <ClInclude Include="$(MSBuildThisFileDirectory)private\Members\OrganizationsService.h">
      <Filter>private\Members</Filter>
    </ClInclude>
    <ClInclude Include="$(MSBuildThisFileDirectory)private\Members\OrganizationsTypes.h">
      <Filter>private\Members</Filter>
    </ClInclude>
    <ClInclude Include="$(MSBuildThisFileDirectory)private\Party\Party_Impl.h">
      <Filter>private\Party</Filter>
    </ClInclude>
    <ClInclude Include="$(MSBuildThisFileDirectory)private\Party\PartyContainer.h">
      <Filter>private\Party</Filter>
    </ClInclude>
    <ClInclude Include="$(MSBuildThisFileDirectory)private\Party\PartyModels.h">
      <Filter>private\Party</Filter>
    </ClInclude>
    <ClInclude Include="$(MSBuildThisFileDirectory)private\Party\PartyPlugin.h">
      <Filter>private\Party</Filter>
    </ClInclude>
    <ClInclude Include="$(MSBuildThisFileDirectory)private\Party\PartyService.h">
      <Filter>private\Party</Filter>
    </ClInclude>
    <ClInclude Include="$(MSBuildThisFileDirectory)public\Party\Party.h">
      <Filter>public\Party</Filter>
    </ClInclude>
    <ClInclude Include="$(MSBuildThisFileDirectory)private\Party\PartyManagementService.h">
      <Filter>private\Party</Filter>
    </ClInclude>
    <ClInclude Include="$(MSBuildThisFileDirectory)public\Profile\Profiles.h">
      <Filter>public\Profile</Filter>
    </ClInclude>
    <ClInclude Include="$(MSBuildThisFileDirectory)private\Profile\ProfileModels.h">
      <Filter>private\Profile</Filter>
    </ClInclude>
    <ClInclude Include="$(MSBuildThisFileDirectory)private\Profile\ProfilePlugin.h">
      <Filter>private\Profile</Filter>
    </ClInclude>
    <ClInclude Include="$(MSBuildThisFileDirectory)private\Profile\Profiles_Impl.h">
      <Filter>private\Profile</Filter>
    </ClInclude>
    <ClInclude Include="$(MSBuildThisFileDirectory)private\Profile\ProfileService.h">
      <Filter>private\Profile</Filter>
    </ClInclude>
    <ClInclude Include="$(MSBuildThisFileDirectory)public\InAppNotification\InAppNotificationManager.h" />
    <ClInclude Include="$(MSBuildThisFileDirectory)public\InAppNotification\InAppNotificationModels.h" />
    <ClInclude Include="$(MSBuildThisFileDirectory)private\InAppNotification\InAppNotification_Impl.h" />
    <ClInclude Include="$(MSBuildThisFileDirectory)private\InAppNotification\InAppNotificationContainer.h" />
    <ClInclude Include="$(MSBuildThisFileDirectory)private\InAppNotification\InAppNotificationPlugin.h" />
    <ClInclude Include="$(MSBuildThisFileDirectory)private\InAppNotification\InAppNotificationService.h" />
  </ItemGroup>
</Project>