<?xml version="1.0" encoding="utf-8"?>
<Project ToolsVersion="4.0" xmlns="http://schemas.microsoft.com/developer/msbuild/2003">
  <ItemGroup>
    <ClCompile Include="$(MSBuildThisFileDirectory)private\Authentication\AuthenticationPlugin.cpp">
      <Filter>private\Authentication</Filter>
    </ClCompile>
    <ClCompile Include="$(MSBuildThisFileDirectory)private\Authentication\AuthenticationService.cpp">
      <Filter>private\Authentication</Filter>
    </ClCompile>
    <ClCompile Include="$(MSBuildThisFileDirectory)private\AssetsStorage\AssetsStoragePlugin.cpp">
      <Filter>private\AssetsStorage</Filter>
    </ClCompile>
    <ClCompile Include="$(MSBuildThisFileDirectory)private\AssetsStorage\AssetsStorageService.cpp">
      <Filter>private\AssetsStorage</Filter>
    </ClCompile>
    <ClCompile Include="$(MSBuildThisFileDirectory)private\GameFinder\GameFinderPlugin.cpp">
      <Filter>private\GameFinder</Filter>
    </ClCompile>
    <ClCompile Include="$(MSBuildThisFileDirectory)private\GameFinder\GameFinderService.cpp">
      <Filter>private\GameFinder</Filter>
    </ClCompile>
    <ClCompile Include="$(MSBuildThisFileDirectory)private\GameRecovery\GameRecoveryPlugin.cpp">
      <Filter>private\GameRecovery</Filter>
    </ClCompile>
    <ClCompile Include="$(MSBuildThisFileDirectory)private\GameRecovery\GameRecoveryService.cpp">
      <Filter>private\GameRecovery</Filter>
    </ClCompile>
    <ClCompile Include="$(MSBuildThisFileDirectory)private\GameVersion\GameVersionPlugin.cpp">
      <Filter>private\GameVersion</Filter>
    </ClCompile>
    <ClCompile Include="$(MSBuildThisFileDirectory)private\GameVersion\GameVersionService.cpp">
      <Filter>private\GameVersion</Filter>
    </ClCompile>
    <ClCompile Include="$(MSBuildThisFileDirectory)private\InAppNotification\InAppNotificationPlugin.cpp">
      <Filter>private\InAppNotification</Filter>
    </ClCompile>
    <ClCompile Include="$(MSBuildThisFileDirectory)private\InAppNotification\InAppNotificationService.cpp">
      <Filter>private\InAppNotification</Filter>
    </ClCompile>
    <ClCompile Include="$(MSBuildThisFileDirectory)private\Invitations\Invitations.cpp">
      <Filter>private\Invitations</Filter>
    </ClCompile>
    <ClCompile Include="$(MSBuildThisFileDirectory)private\Invitations\InvitationsPlugin.cpp">
      <Filter>private\Invitations</Filter>
    </ClCompile>
    <ClCompile Include="$(MSBuildThisFileDirectory)private\Leaderboard\LeaderboardPlugin.cpp">
      <Filter>private\Leaderboard</Filter>
    </ClCompile>
    <ClCompile Include="$(MSBuildThisFileDirectory)private\Leaderboard\LeaderboardService.cpp">
      <Filter>private\Leaderboard</Filter>
    </ClCompile>
    <ClCompile Include="$(MSBuildThisFileDirectory)private\PlayerReport\PlayerReportPlugin.cpp">
      <Filter>private\PlayerReport</Filter>
    </ClCompile>
    <ClCompile Include="$(MSBuildThisFileDirectory)private\PlayerReport\PlayerReportService.cpp">
      <Filter>private\PlayerReport</Filter>
    </ClCompile>
    <ClCompile Include="$(MSBuildThisFileDirectory)private\PlayerData\PlayerDataService.cpp">
      <Filter>private\PlayerData</Filter>
    </ClCompile>
    <ClCompile Include="$(MSBuildThisFileDirectory)private\Persistence\PersistenceService.cpp">
      <Filter>private\Persistence</Filter>
    </ClCompile>
    <ClCompile Include="$(MSBuildThisFileDirectory)private\Party\PartyPlugin.cpp">
      <Filter>private\Party</Filter>
    </ClCompile>
    <ClCompile Include="$(MSBuildThisFileDirectory)private\Party\PartyService.cpp">
      <Filter>private\Party</Filter>
    </ClCompile>
    <ClCompile Include="$(MSBuildThisFileDirectory)private\BugReport\BugReportPlugin.cpp">
      <Filter>private\BugReport</Filter>
    </ClCompile>
    <ClCompile Include="$(MSBuildThisFileDirectory)private\BugReport\BugReportService.cpp">
      <Filter>private\BugReport</Filter>
    </ClCompile>
    <ClCompile Include="$(MSBuildThisFileDirectory)private\GameSession\GameSessionPlugin.cpp">
      <Filter>private\GameSession</Filter>
    </ClCompile>
    <ClCompile Include="$(MSBuildThisFileDirectory)private\GameSession\GameSessionService.cpp">
      <Filter>private\GameSession</Filter>
    </ClCompile>
    <ClCompile Include="$(MSBuildThisFileDirectory)private\GameSession\GameSession_Impl.cpp">
      <Filter>private\GameSession</Filter>
    </ClCompile>
    <ClCompile Include="$(MSBuildThisFileDirectory)private\Members\Organizations_Impl.cpp">
      <Filter>private\Members</Filter>
    </ClCompile>
    <ClCompile Include="$(MSBuildThisFileDirectory)private\Members\OrganizationsContainer.cpp">
      <Filter>private\Members</Filter>
    </ClCompile>
    <ClCompile Include="$(MSBuildThisFileDirectory)private\Members\OrganizationsPlugin.cpp">
      <Filter>private\Members</Filter>
    </ClCompile>
    <ClCompile Include="$(MSBuildThisFileDirectory)private\Members\OrganizationsService.cpp">
      <Filter>private\Members</Filter>
    </ClCompile>
    <ClCompile Include="$(MSBuildThisFileDirectory)private\Party\Party_Impl.cpp">
      <Filter>private\Party</Filter>
    </ClCompile>
    <ClCompile Include="$(MSBuildThisFileDirectory)private\Party\PartyManagementService.cpp">
      <Filter>private\Party</Filter>
    </ClCompile>
    <ClCompile Include="$(MSBuildThisFileDirectory)private\Party\PartyContainer.cpp">
      <Filter>private\Party</Filter>
    </ClCompile>
    <ClCompile Include="$(MSBuildThisFileDirectory)private\Profile\ProfilePlugin.cpp">
      <Filter>private\Profile</Filter>
    </ClCompile>
    <ClCompile Include="$(MSBuildThisFileDirectory)private\Profile\ProfileService.cpp">
      <Filter>private\Profile</Filter>
    </ClCompile>
    <ClCompile Include="$(MSBuildThisFileDirectory)private\Profile\Profiles_Impl.cpp">
      <Filter>private\Profile</Filter>
    </ClCompile>
    <ClCompile Include="$(MSBuildThisFileDirectory)private\InAppNotification\InAppNotificationContainer.cpp">
      <Filter>private\InAppNotification</Filter>
    </ClCompile>
    <ClCompile Include="$(MSBuildThisFileDirectory)private\InAppNotification\InAppNotification_Impl.cpp">
      <Filter>private\InAppNotification</Filter>
    </ClCompile>
    <ClCompile Include="$(MSBuildThisFileDirectory)private\GameFinder\GameFinder_Impl.cpp">
      <Filter>private\GameFinder</Filter>
    </ClCompile>
    <ClCompile Include="$(MSBuildThisFileDirectory)private\GameRecovery\GameRecovery_Impl.cpp">
      <Filter>private\GameRecovery</Filter>
    </ClCompile>
    <ClCompile Include="$(MSBuildThisFileDirectory)private\Servers\Servers_Impl.cpp">
      <Filter>private\Servers</Filter>
    </ClCompile>
    <ClCompile Include="$(MSBuildThisFileDirectory)private\Servers\ServersPlugin.cpp">
      <Filter>private\Servers</Filter>
    </ClCompile>
    <ClCompile Include="$(MSBuildThisFileDirectory)private\Servers\ServersService.cpp">
      <Filter>private\Servers</Filter>
    </ClCompile>
    <ClCompile Include="$(MSBuildThisFileDirectory)private\Authentication\AuthenticationException.cpp">
      <Filter>private\Authentication</Filter>
    </ClCompile>
    <ClCompile Include="$(MSBuildThisFileDirectory)private\Helloworld\Hello.cpp">
      <Filter>private\Helloworld</Filter>
    </ClCompile>
    <ClCompile Include="$(MSBuildThisFileDirectory)private\Helloworld\HelloService.cpp">
      <Filter>private\Helloworld</Filter>
    </ClCompile>
    <ClCompile Include="$(MSBuildThisFileDirectory)private\Helloworld\HelloworldPlugin.cpp">
      <Filter>private\Helloworld</Filter>
    </ClCompile>
    <ClCompile Include="$(MSBuildThisFileDirectory)private\Messaging\MessagingPlugin.cpp">
      <Filter>private\Messaging</Filter>
    </ClCompile>
    <ClCompile Include="$(MSBuildThisFileDirectory)private\Messaging\MessagingService.cpp">
      <Filter>private\Messaging</Filter>
    </ClCompile>
  </ItemGroup>
  <ItemGroup>
    <ClInclude Include="$(MSBuildThisFileDirectory)private\Leaderboard\Leaderboard_Impl.h">
      <Filter>private\Leaderboard</Filter>
    </ClInclude>
    <ClInclude Include="$(MSBuildThisFileDirectory)private\Leaderboard\LeaderboardService.h">
      <Filter>private\Leaderboard</Filter>
    </ClInclude>
    <ClInclude Include="$(MSBuildThisFileDirectory)public\Authentication\AuthenticationPlugin.h">
      <Filter>public\Authentication</Filter>
    </ClInclude>
    <ClInclude Include="$(MSBuildThisFileDirectory)public\Authentication\AuthenticationService.h">
      <Filter>public\Authentication</Filter>
    </ClInclude>
    <ClInclude Include="$(MSBuildThisFileDirectory)public\AssetsStorage\AssetsStorageDto.h">
      <Filter>public\AssetsStorage</Filter>
    </ClInclude>
    <ClInclude Include="$(MSBuildThisFileDirectory)public\AssetsStorage\AssetsStoragePlugin.h">
      <Filter>public\AssetsStorage</Filter>
    </ClInclude>
    <ClInclude Include="$(MSBuildThisFileDirectory)public\AssetsStorage\AssetsStorageService.h">
      <Filter>public\AssetsStorage</Filter>
    </ClInclude>
    <ClInclude Include="$(MSBuildThisFileDirectory)public\BugReport\BugReportPlugin.h">
      <Filter>public\BugReport</Filter>
    </ClInclude>
    <ClInclude Include="$(MSBuildThisFileDirectory)public\BugReport\BugReportService.h">
      <Filter>public\BugReport</Filter>
    </ClInclude>
    <ClInclude Include="$(MSBuildThisFileDirectory)public\GameVersion\GameVersionPlugin.h">
      <Filter>public\GameVersion</Filter>
    </ClInclude>
    <ClInclude Include="$(MSBuildThisFileDirectory)public\GameVersion\GameVersionService.h">
      <Filter>public\GameVersion</Filter>
    </ClInclude>
    <ClInclude Include="$(MSBuildThisFileDirectory)public\Invitations\Invitations.h">
      <Filter>public\Invitations</Filter>
    </ClInclude>
    <ClInclude Include="$(MSBuildThisFileDirectory)public\Invitations\InvitationsPlugin.h">
      <Filter>public\Invitations</Filter>
    </ClInclude>
    <ClInclude Include="$(MSBuildThisFileDirectory)public\Leaderboard\Leaderboard.h">
      <Filter>public\Leaderboard</Filter>
    </ClInclude>
    <ClInclude Include="$(MSBuildThisFileDirectory)public\PlayerData\PlayerDataService.h">
      <Filter>public\PlayerData</Filter>
    </ClInclude>
    <ClInclude Include="$(MSBuildThisFileDirectory)public\PlayerData\PlayerDataUpdate.h">
      <Filter>public\PlayerData</Filter>
    </ClInclude>
    <ClInclude Include="$(MSBuildThisFileDirectory)public\Persistence\PersistenceModels.h">
      <Filter>public\Persistence</Filter>
    </ClInclude>
    <ClInclude Include="$(MSBuildThisFileDirectory)public\Persistence\PersistenceService.h">
      <Filter>public\Persistence</Filter>
    </ClInclude>
    <ClInclude Include="$(MSBuildThisFileDirectory)public\GameFinder\GameFinder.h">
      <Filter>public\GameFinder</Filter>
    </ClInclude>
    <ClInclude Include="$(MSBuildThisFileDirectory)private\GameFinder\GameFinder_Impl.h">
      <Filter>private\GameFinder</Filter>
    </ClInclude>
    <ClInclude Include="$(MSBuildThisFileDirectory)public\GameFinder\GameFinderModels.h">
      <Filter>public\GameFinder</Filter>
    </ClInclude>
    <ClInclude Include="$(MSBuildThisFileDirectory)public\GameFinder\GameFinderPlugin.h">
      <Filter>public\GameFinder</Filter>
    </ClInclude>
    <ClInclude Include="$(MSBuildThisFileDirectory)private\GameFinder\GameFinderService.h">
      <Filter>private\GameFinder</Filter>
    </ClInclude>
    <ClInclude Include="$(MSBuildThisFileDirectory)public\GameRecovery\GameRecovery.h">
      <Filter>public\GameRecovery</Filter>
    </ClInclude>
    <ClInclude Include="$(MSBuildThisFileDirectory)private\GameRecovery\GameRecovery_Impl.h">
      <Filter>private\GameRecovery</Filter>
    </ClInclude>
    <ClInclude Include="$(MSBuildThisFileDirectory)private\GameRecovery\GameRecoveryPlugin.h">
      <Filter>private\GameRecovery</Filter>
    </ClInclude>
    <ClInclude Include="$(MSBuildThisFileDirectory)private\GameRecovery\GameRecoveryService.h">
      <Filter>private\GameRecovery</Filter>
    </ClInclude>
    <ClInclude Include="$(MSBuildThisFileDirectory)public\GameSession\GameSession.h">
      <Filter>public\GameSession</Filter>
    </ClInclude>
    <ClInclude Include="$(MSBuildThisFileDirectory)private\GameSession\GameSession_Impl.h">
      <Filter>private\GameSession</Filter>
    </ClInclude>
    <ClInclude Include="$(MSBuildThisFileDirectory)private\GameSession\GameSessionService.h">
      <Filter>private\GameSession</Filter>
    </ClInclude>
    <ClInclude Include="$(MSBuildThisFileDirectory)public\Members\Organizations.h">
      <Filter>public\Members</Filter>
    </ClInclude>
    <ClInclude Include="$(MSBuildThisFileDirectory)private\Members\Organizations_Impl.h">
      <Filter>private\Members</Filter>
    </ClInclude>
    <ClInclude Include="$(MSBuildThisFileDirectory)private\Members\OrganizationsContainer.h">
      <Filter>private\Members</Filter>
    </ClInclude>
    <ClInclude Include="$(MSBuildThisFileDirectory)private\Members\OrganizationsPlugin.h">
      <Filter>private\Members</Filter>
    </ClInclude>
    <ClInclude Include="$(MSBuildThisFileDirectory)private\Members\OrganizationsService.h">
      <Filter>private\Members</Filter>
    </ClInclude>
    <ClInclude Include="$(MSBuildThisFileDirectory)private\Members\OrganizationsTypes.h">
      <Filter>private\Members</Filter>
    </ClInclude>
    <ClInclude Include="$(MSBuildThisFileDirectory)private\Party\Party_Impl.h">
      <Filter>private\Party</Filter>
    </ClInclude>
    <ClInclude Include="$(MSBuildThisFileDirectory)private\Party\PartyContainer.h">
      <Filter>private\Party</Filter>
    </ClInclude>
    <ClInclude Include="$(MSBuildThisFileDirectory)private\Party\PartyPlugin.h">
      <Filter>private\Party</Filter>
    </ClInclude>
    <ClInclude Include="$(MSBuildThisFileDirectory)private\Party\PartyService.h">
      <Filter>private\Party</Filter>
    </ClInclude>
    <ClInclude Include="$(MSBuildThisFileDirectory)public\Party\PartyModels.h">
      <Filter>public\Party</Filter>
    </ClInclude>
    <ClInclude Include="$(MSBuildThisFileDirectory)public\Party\Party.h">
      <Filter>public\Party</Filter>
    </ClInclude>
    <ClInclude Include="$(MSBuildThisFileDirectory)private\Party\PartyManagementService.h">
      <Filter>private\Party</Filter>
    </ClInclude>
    <ClInclude Include="$(MSBuildThisFileDirectory)public\Profile\Profiles.h">
      <Filter>public\Profile</Filter>
    </ClInclude>
    <ClInclude Include="$(MSBuildThisFileDirectory)public\Profile\ProfilePlugin.h">
      <Filter>public\Profile</Filter>
    </ClInclude>
    <ClInclude Include="$(MSBuildThisFileDirectory)private\Profile\Profiles_Impl.h">
      <Filter>private\Profile</Filter>
    </ClInclude>
    <ClInclude Include="$(MSBuildThisFileDirectory)private\Profile\ProfileService.h">
      <Filter>private\Profile</Filter>
    </ClInclude>
    <ClInclude Include="$(MSBuildThisFileDirectory)public\InAppNotification\InAppNotificationManager.h">
      <Filter>public\InAppNotification</Filter>
    </ClInclude>
    <ClInclude Include="$(MSBuildThisFileDirectory)public\InAppNotification\InAppNotificationModels.h">
      <Filter>public\InAppNotification</Filter>
    </ClInclude>
    <ClInclude Include="$(MSBuildThisFileDirectory)private\InAppNotification\InAppNotification_Impl.h">
      <Filter>private\InAppNotification</Filter>
    </ClInclude>
    <ClInclude Include="$(MSBuildThisFileDirectory)private\InAppNotification\InAppNotificationContainer.h">
      <Filter>private\InAppNotification</Filter>
    </ClInclude>
    <ClInclude Include="$(MSBuildThisFileDirectory)private\InAppNotification\InAppNotificationPlugin.h">
      <Filter>private\InAppNotification</Filter>
    </ClInclude>
    <ClInclude Include="$(MSBuildThisFileDirectory)private\InAppNotification\InAppNotificationService.h">
      <Filter>private\InAppNotification</Filter>
    </ClInclude>
    <ClInclude Include="$(MSBuildThisFileDirectory)public\PlayerReport\PlayerReportPlugin.h">
      <Filter>public\PlayerReport</Filter>
    </ClInclude>
    <ClInclude Include="$(MSBuildThisFileDirectory)public\PlayerReport\PlayerReportService.h">
      <Filter>public\PlayerReport</Filter>
    </ClInclude>
    <ClInclude Include="$(MSBuildThisFileDirectory)public\GameSession\GameSessionModels.h">
      <Filter>public\GameSession</Filter>
    </ClInclude>
    <ClInclude Include="$(MSBuildThisFileDirectory)public\GameSession\GameSessionPlugin.h">
      <Filter>public\GameSession</Filter>
    </ClInclude>
    <ClInclude Include="$(MSBuildThisFileDirectory)public\Profile\ProfileModels.h">
      <Filter>public\Profile</Filter>
    </ClInclude>
    <ClInclude Include="$(MSBuildThisFileDirectory)public\GameRecovery\GameRecoveryModels.h">
      <Filter>public\GameRecovery</Filter>
    </ClInclude>
    <ClInclude Include="$(MSBuildThisFileDirectory)private\Servers\Servers_Impl.h">
      <Filter>private\Servers</Filter>
    </ClInclude>
    <ClInclude Include="$(MSBuildThisFileDirectory)private\Servers\ServersPlugin.h">
      <Filter>private\Servers</Filter>
    </ClInclude>
    <ClInclude Include="$(MSBuildThisFileDirectory)private\Servers\ServersService.h">
      <Filter>private\Servers</Filter>
    </ClInclude>
    <ClInclude Include="$(MSBuildThisFileDirectory)public\Servers\Servers.h">
      <Filter>public\Servers</Filter>
    </ClInclude>
    <ClInclude Include="$(MSBuildThisFileDirectory)private\Authentication\AuthenticationException.h">
      <Filter>private\Authentication</Filter>
    </ClInclude>
    <ClInclude Include="$(MSBuildThisFileDirectory)public\Servers\ServersModels.h">
      <Filter>public\Servers</Filter>
    </ClInclude>
    <ClInclude Include="$(MSBuildThisFileDirectory)public\Helloworld\Hello.h">
      <Filter>public\Helloworld</Filter>
    </ClInclude>
    <ClInclude Include="$(MSBuildThisFileDirectory)private\Helloworld\HelloService.h">
      <Filter>private\Helloworld</Filter>
    </ClInclude>
    <ClInclude Include="$(MSBuildThisFileDirectory)public\Helloworld\HelloworldPlugin.h">
      <Filter>public\Helloworld</Filter>
    </ClInclude>
    <ClInclude Include="$(MSBuildThisFileDirectory)public\Leaderboard\LeaderboardModels.h">
      <Filter>public\Leaderboard</Filter>
    </ClInclude>
    <ClInclude Include="$(MSBuildThisFileDirectory)public\Leaderboard\LeaderboardPlugin.h">
      <Filter>public\Leaderboard</Filter>
    </ClInclude>
    <ClInclude Include="$(MSBuildThisFileDirectory)private\Profile\ProfilePrivateModels.h">
      <Filter>private\Profile</Filter>
    </ClInclude>
    <ClInclude Include="$(MSBuildThisFileDirectory)public\Messaging\Messaging.h">
      <Filter>public\Messaging</Filter>
    </ClInclude>
    <ClInclude Include="$(MSBuildThisFileDirectory)public\Messaging\MessagingModels.h">
      <Filter>public\Messaging</Filter>
    </ClInclude>
    <ClInclude Include="$(MSBuildThisFileDirectory)private\Messaging\MessagingPlugin.h">
      <Filter>public\Messaging</Filter>
    </ClInclude>
    <ClInclude Include="$(MSBuildThisFileDirectory)private\Messaging\Messaging_Impl.h">
      <Filter>private\Messaging</Filter>
    </ClInclude>
    <ClInclude Include="$(MSBuildThisFileDirectory)private\Messaging\MessagingService.h">
      <Filter>private\Messaging</Filter>
    </ClInclude>
    <ClInclude Include="$(MSBuildThisFileDirectory)public\Helloworld\Helloworld.hpp">
      <Filter>public\Helloworld</Filter>
    </ClInclude>
    <ClInclude Include="$(MSBuildThisFileDirectory)public\Tunnels\Tunnels.hpp">
      <Filter>public\Tunnels</Filter>
    </ClInclude>
    <ClInclude Include="$(MSBuildThisFileDirectory)public\GameSession\Gamesessions.hpp">
      <Filter>public\GameSession</Filter>
    </ClInclude>
    <ClInclude Include="$(MSBuildThisFileDirectory)public\Steam\SteamPlugin.hpp">
      <Filter>public\Steam</Filter>
    </ClInclude>
    <ClInclude Include="$(MSBuildThisFileDirectory)public\Users\Users.hpp">
      <Filter>public\Users</Filter>
    </ClInclude>
    <ClInclude Include="$(MSBuildThisFileDirectory)public\PS4\PS4Plugin.hpp">
      <Filter>public\PS4</Filter>
    </ClInclude>
    <ClInclude Include="$(MSBuildThisFileDirectory)public\Friends\Friends.hpp">
      <Filter>public\Friends</Filter>
    </ClInclude>
  </ItemGroup>
  <ItemGroup>
    <Filter Include="private">
      <UniqueIdentifier>{ea4ea9e0-275c-4f61-896e-c0e0f8d65914}</UniqueIdentifier>
    </Filter>
    <Filter Include="public">
      <UniqueIdentifier>{c8b112a7-e399-46e0-aeb3-e97cb8778357}</UniqueIdentifier>
    </Filter>
    <Filter Include="public\Authentication">
      <UniqueIdentifier>{185736db-abed-46a3-98ba-f20917845fc8}</UniqueIdentifier>
    </Filter>
    <Filter Include="public\AssetsStorage">
      <UniqueIdentifier>{df30d708-83c4-45c7-a52f-3f22505868f3}</UniqueIdentifier>
    </Filter>
    <Filter Include="public\BugReport">
      <UniqueIdentifier>{97f8aacc-ab39-4b42-9a78-eb59d706a6d5}</UniqueIdentifier>
    </Filter>
    <Filter Include="public\GameFinder">
      <UniqueIdentifier>{54e1b9c3-7817-4352-af28-39c566720e77}</UniqueIdentifier>
    </Filter>
    <Filter Include="public\GameRecovery">
      <UniqueIdentifier>{2fbbf30c-752b-4644-b715-ffed17b142a5}</UniqueIdentifier>
    </Filter>
    <Filter Include="public\GameSession">
      <UniqueIdentifier>{705faf1e-c33d-4643-935a-c540348ae688}</UniqueIdentifier>
    </Filter>
    <Filter Include="public\GameVersion">
      <UniqueIdentifier>{2c4fb03a-9295-4301-a750-ba9b4a522654}</UniqueIdentifier>
    </Filter>
    <Filter Include="public\InAppNotification">
      <UniqueIdentifier>{c02eb4ab-f30e-4e71-90d3-1023ae23b0aa}</UniqueIdentifier>
    </Filter>
    <Filter Include="public\Invitations">
      <UniqueIdentifier>{7f2508ba-e641-48a6-996a-1fb937ec329b}</UniqueIdentifier>
    </Filter>
    <Filter Include="public\Leaderboard">
      <UniqueIdentifier>{cc8862f7-c430-4c7d-a56a-94beaa2e4837}</UniqueIdentifier>
    </Filter>
    <Filter Include="public\Members">
      <UniqueIdentifier>{171dc590-ea4f-40f5-bcc0-acc6b1860c8c}</UniqueIdentifier>
    </Filter>
    <Filter Include="public\Party">
      <UniqueIdentifier>{f5fe3097-13b9-47b4-9a32-74402a24593f}</UniqueIdentifier>
    </Filter>
    <Filter Include="public\Persistence">
      <UniqueIdentifier>{448cdcac-40ac-4ed5-97f3-442621fa0834}</UniqueIdentifier>
    </Filter>
    <Filter Include="public\PlayerData">
      <UniqueIdentifier>{c203dc02-421d-4a99-b1d4-98543469204b}</UniqueIdentifier>
    </Filter>
    <Filter Include="public\Profile">
      <UniqueIdentifier>{77def2d1-a0e0-4f88-9c25-62d436aa613d}</UniqueIdentifier>
    </Filter>
    <Filter Include="private\AssetsStorage">
      <UniqueIdentifier>{eeb70e96-c6fa-4e24-a22c-2453657fce7c}</UniqueIdentifier>
    </Filter>
    <Filter Include="private\Authentication">
      <UniqueIdentifier>{da9fad0c-54ae-4397-82b8-8e03ada72d52}</UniqueIdentifier>
    </Filter>
    <Filter Include="private\BugReport">
      <UniqueIdentifier>{d94d9d4e-a986-4e9c-a9fc-22b9b1e2ffeb}</UniqueIdentifier>
    </Filter>
    <Filter Include="private\GameFinder">
      <UniqueIdentifier>{fc06fcab-d3e6-49bf-b85d-a0aed9710c29}</UniqueIdentifier>
    </Filter>
    <Filter Include="private\GameRecovery">
      <UniqueIdentifier>{e469410b-38cc-46d4-b169-1e93e6414175}</UniqueIdentifier>
    </Filter>
    <Filter Include="private\GameSession">
      <UniqueIdentifier>{cf9ed693-9672-4c8b-9514-ea0bedf1a5fb}</UniqueIdentifier>
    </Filter>
    <Filter Include="private\GameVersion">
      <UniqueIdentifier>{91181cda-5c57-49b3-ace8-54942f9597f0}</UniqueIdentifier>
    </Filter>
    <Filter Include="private\InAppNotification">
      <UniqueIdentifier>{d616529e-e5b7-40c7-8c97-b910addccffe}</UniqueIdentifier>
    </Filter>
    <Filter Include="private\Invitations">
      <UniqueIdentifier>{74d72b69-01eb-4b8b-bed3-ca932dc2e366}</UniqueIdentifier>
    </Filter>
    <Filter Include="private\Leaderboard">
      <UniqueIdentifier>{505ca0d9-e105-4f2d-b559-30c95aa5c303}</UniqueIdentifier>
    </Filter>
    <Filter Include="private\Members">
      <UniqueIdentifier>{878f93cd-5420-4e25-9bb1-3a793df49f91}</UniqueIdentifier>
    </Filter>
    <Filter Include="private\Party">
      <UniqueIdentifier>{6d1fe49b-df9e-49f0-8b86-3be7119bdc92}</UniqueIdentifier>
    </Filter>
    <Filter Include="private\Persistence">
      <UniqueIdentifier>{2fa5249c-815c-496b-8dcf-441c2f547d1d}</UniqueIdentifier>
    </Filter>
    <Filter Include="private\PlayerData">
      <UniqueIdentifier>{cb582844-c8a8-480f-8b88-ad8d11ed8790}</UniqueIdentifier>
    </Filter>
    <Filter Include="private\PlayerReport">
      <UniqueIdentifier>{eabcd6a9-892b-4686-be65-2ab801fa2c8f}</UniqueIdentifier>
    </Filter>
    <Filter Include="private\Profile">
      <UniqueIdentifier>{a3698126-3bd5-4a57-838d-ab68208b981e}</UniqueIdentifier>
    </Filter>
    <Filter Include="public\PlayerReport">
      <UniqueIdentifier>{e89bee14-00b1-4467-bd2f-cd54a0a4da0b}</UniqueIdentifier>
    </Filter>
    <Filter Include="private\Servers">
      <UniqueIdentifier>{32ee45c2-b997-42c7-bd27-1b2e192cc9e7}</UniqueIdentifier>
    </Filter>
    <Filter Include="public\Servers">
      <UniqueIdentifier>{539fb7ca-58cf-4a21-a7df-efcfc03ed117}</UniqueIdentifier>
    </Filter>
    <Filter Include="public\Helloworld">
      <UniqueIdentifier>{8892001d-d908-4b91-b526-443901478931}</UniqueIdentifier>
    </Filter>
    <Filter Include="private\Helloworld">
      <UniqueIdentifier>{fa9c0c66-59a3-4dca-9505-9caf87896fab}</UniqueIdentifier>
    </Filter>
    <Filter Include="private\Messaging">
      <UniqueIdentifier>{8f83ceff-aca7-441b-8249-ce038db2b40d}</UniqueIdentifier>
    </Filter>
    <Filter Include="public\Messaging">
      <UniqueIdentifier>{92063cb1-4cf6-4d71-a922-7fd42017ba58}</UniqueIdentifier>
    </Filter>
    <Filter Include="public\Tunnels">
      <UniqueIdentifier>{381d17f9-09ec-4637-98ec-c593408ff7ef}</UniqueIdentifier>
    </Filter>
    <Filter Include="public\Steam">
      <UniqueIdentifier>{09572441-65be-4936-9098-7f29ec45dc7c}</UniqueIdentifier>
    </Filter>
    <Filter Include="public\Users">
      <UniqueIdentifier>{7093c00a-886a-4bbf-8aa4-3000ff716050}</UniqueIdentifier>
    </Filter>
    <Filter Include="public\PS4">
      <UniqueIdentifier>{9eea906d-031f-4e22-8f41-6ce218a633a9}</UniqueIdentifier>
    </Filter>
    <Filter Include="public\Friends">
      <UniqueIdentifier>{31f4e0f9-e083-4479-8d4e-6bd6cfcb331a}</UniqueIdentifier>
    </Filter>
  </ItemGroup>
</Project>